// !$*UTF8*$!
{
	archiveVersion = 1;
	classes = {
	};
	objectVersion = 46;
	objects = {

/* Begin PBXBuildFile section */
		990C2614187AA0A900B3E45A /* MShowFullInfoViewController.m in Sources */ = {isa = PBXBuildFile; fileRef = 990C2613187AA0A900B3E45A /* MShowFullInfoViewController.m */; };
		990C2617187AA0C500B3E45A /* M2ExtensibleInfoView.m in Sources */ = {isa = PBXBuildFile; fileRef = 990C2616187AA0C500B3E45A /* M2ExtensibleInfoView.m */; };
		990C261A187AA34000B3E45A /* MShowFullInfoView.m in Sources */ = {isa = PBXBuildFile; fileRef = 990C2619187AA34000B3E45A /* MShowFullInfoView.m */; };
		990C261E187BACDC00B3E45A /* _tempTestViewController.m in Sources */ = {isa = PBXBuildFile; fileRef = 990C261D187BACDC00B3E45A /* _tempTestViewController.m */; };
		990C2621187BAD7600B3E45A /* icon@2x.png in Resources */ = {isa = PBXBuildFile; fileRef = 990C2620187BAD7600B3E45A /* icon@2x.png */; };
		990C2626187BB11D00B3E45A /* MResizableImageViewController.m in Sources */ = {isa = PBXBuildFile; fileRef = 990C2625187BB11D00B3E45A /* MResizableImageViewController.m */; };
		990C264E187BDBC000B3E45A /* MWaterFallMeViewController.m in Sources */ = {isa = PBXBuildFile; fileRef = 990C264D187BDBC000B3E45A /* MWaterFallMeViewController.m */; };
		990C2651187BDC2100B3E45A /* M2WaterFallView.m in Sources */ = {isa = PBXBuildFile; fileRef = 990C2650187BDC2100B3E45A /* M2WaterFallView.m */; };
		990C2655187BDE3400B3E45A /* chinadragon@2x.png in Resources */ = {isa = PBXBuildFile; fileRef = 990C2654187BDE3400B3E45A /* chinadragon@2x.png */; };
		990E45C8188D13F3004E2C98 /* MButtonTabBarViewController.m in Sources */ = {isa = PBXBuildFile; fileRef = 990E45C7188D13F3004E2C98 /* MButtonTabBarViewController.m */; };
		990E45CB188D140B004E2C98 /* MButtonTabBarView.m in Sources */ = {isa = PBXBuildFile; fileRef = 990E45CA188D140B004E2C98 /* MButtonTabBarView.m */; };
		990E45D0188D258A004E2C98 /* MMultiRowTabViewController.m in Sources */ = {isa = PBXBuildFile; fileRef = 990E45CF188D258A004E2C98 /* MMultiRowTabViewController.m */; };
		990E45D3188D25A6004E2C98 /* MMultiRowTabView.m in Sources */ = {isa = PBXBuildFile; fileRef = 990E45D2188D25A6004E2C98 /* MMultiRowTabView.m */; };
		99518FC21887B2B600A3F20E /* MCommentViewController.m in Sources */ = {isa = PBXBuildFile; fileRef = 99518FC11887B2B600A3F20E /* MCommentViewController.m */; };
		99518FC51887B2CF00A3F20E /* MCommentView.m in Sources */ = {isa = PBXBuildFile; fileRef = 99518FC41887B2CF00A3F20E /* MCommentView.m */; };
		99518FC81887B32E00A3F20E /* M2CommentCell.m in Sources */ = {isa = PBXBuildFile; fileRef = 99518FC71887B32E00A3F20E /* M2CommentCell.m */; };
		99518FD51887DA6800A3F20E /* M2CommentInputView_M1.m in Sources */ = {isa = PBXBuildFile; fileRef = 99518FD41887DA6800A3F20E /* M2CommentInputView_M1.m */; };
		995E3FAD1862ED9000A46778 /* TestTableViewController.m in Sources */ = {isa = PBXBuildFile; fileRef = 995E3FAC1862ED9000A46778 /* TestTableViewController.m */; };
		995E3FB11862F48700A46778 /* TestCustomCell.m in Sources */ = {isa = PBXBuildFile; fileRef = 995E3FB01862F48700A46778 /* TestCustomCell.m */; };
		995E3FB41862F8C100A46778 /* 163_icon@2x.png in Resources */ = {isa = PBXBuildFile; fileRef = 995E3FB31862F8C100A46778 /* 163_icon@2x.png */; };
		995F3AA7184C2D59005F349B /* Foundation.framework in Frameworks */ = {isa = PBXBuildFile; fileRef = 995F3AA6184C2D59005F349B /* Foundation.framework */; };
		995F3AA9184C2D59005F349B /* CoreGraphics.framework in Frameworks */ = {isa = PBXBuildFile; fileRef = 995F3AA8184C2D59005F349B /* CoreGraphics.framework */; };
		995F3AAB184C2D59005F349B /* UIKit.framework in Frameworks */ = {isa = PBXBuildFile; fileRef = 995F3AAA184C2D59005F349B /* UIKit.framework */; };
		995F3AB1184C2D59005F349B /* InfoPlist.strings in Resources */ = {isa = PBXBuildFile; fileRef = 995F3AAF184C2D59005F349B /* InfoPlist.strings */; };
		995F3AB3184C2D59005F349B /* main.m in Sources */ = {isa = PBXBuildFile; fileRef = 995F3AB2184C2D59005F349B /* main.m */; };
		995F3AB7184C2D59005F349B /* AppDelegate.m in Sources */ = {isa = PBXBuildFile; fileRef = 995F3AB6184C2D59005F349B /* AppDelegate.m */; };
		995F3AB9184C2D59005F349B /* Images.xcassets in Resources */ = {isa = PBXBuildFile; fileRef = 995F3AB8184C2D59005F349B /* Images.xcassets */; };
		995F3AC0184C2D59005F349B /* XCTest.framework in Frameworks */ = {isa = PBXBuildFile; fileRef = 995F3ABF184C2D59005F349B /* XCTest.framework */; };
		995F3AC1184C2D59005F349B /* Foundation.framework in Frameworks */ = {isa = PBXBuildFile; fileRef = 995F3AA6184C2D59005F349B /* Foundation.framework */; };
		995F3AC2184C2D59005F349B /* UIKit.framework in Frameworks */ = {isa = PBXBuildFile; fileRef = 995F3AAA184C2D59005F349B /* UIKit.framework */; };
		995F3ACA184C2D59005F349B /* InfoPlist.strings in Resources */ = {isa = PBXBuildFile; fileRef = 995F3AC8184C2D59005F349B /* InfoPlist.strings */; };
		995F3ACC184C2D59005F349B /* M2UIDemoTests.m in Sources */ = {isa = PBXBuildFile; fileRef = 995F3ACB184C2D59005F349B /* M2UIDemoTests.m */; };
		995F3ADA184C2DC2005F349B /* RootViewController.m in Sources */ = {isa = PBXBuildFile; fileRef = 995F3AD9184C2DC2005F349B /* RootViewController.m */; };
		995F3ADF184C313C005F349B /* PullDownRefreshViewController.m in Sources */ = {isa = PBXBuildFile; fileRef = 995F3ADE184C313C005F349B /* PullDownRefreshViewController.m */; };
		995F3AE2184C3350005F349B /* M2BaseRefreshView.m in Sources */ = {isa = PBXBuildFile; fileRef = 995F3AE1184C334F005F349B /* M2BaseRefreshView.m */; };
		996332101883BAD30038BCE3 /* M2MultiRowTabbarView.m in Sources */ = {isa = PBXBuildFile; fileRef = 9963320F1883BAD30038BCE3 /* M2MultiRowTabbarView.m */; };
		9963DD12187CF75A00571748 /* M2ImageGalleryView_A.m in Sources */ = {isa = PBXBuildFile; fileRef = 9963DD11187CF75A00571748 /* M2ImageGalleryView_A.m */; };
		9963DD15187CF77100571748 /* MImageGalleryViewController_A.m in Sources */ = {isa = PBXBuildFile; fileRef = 9963DD14187CF77100571748 /* MImageGalleryViewController_A.m */; };
		9963DD20187D031700571748 /* landscape_0.jpg in Resources */ = {isa = PBXBuildFile; fileRef = 9963DD18187D031700571748 /* landscape_0.jpg */; };
		9963DD21187D031700571748 /* landscape_1.jpg in Resources */ = {isa = PBXBuildFile; fileRef = 9963DD19187D031700571748 /* landscape_1.jpg */; };
		9963DD22187D031700571748 /* landscape_2.jpg in Resources */ = {isa = PBXBuildFile; fileRef = 9963DD1A187D031700571748 /* landscape_2.jpg */; };
		9963DD23187D031700571748 /* landscape_3.jpg in Resources */ = {isa = PBXBuildFile; fileRef = 9963DD1B187D031700571748 /* landscape_3.jpg */; };
		9963DD24187D031700571748 /* portrait_0.jpg in Resources */ = {isa = PBXBuildFile; fileRef = 9963DD1C187D031700571748 /* portrait_0.jpg */; };
		9963DD25187D031700571748 /* portrait_1.jpg in Resources */ = {isa = PBXBuildFile; fileRef = 9963DD1D187D031700571748 /* portrait_1.jpg */; };
		9963DD26187D031700571748 /* portrait_2.jpg in Resources */ = {isa = PBXBuildFile; fileRef = 9963DD1E187D031700571748 /* portrait_2.jpg */; };
		9963DD27187D031700571748 /* portrait_3.jpg in Resources */ = {isa = PBXBuildFile; fileRef = 9963DD1F187D031700571748 /* portrait_3.jpg */; };
		9963DD2A187D2F5F00571748 /* MImageGalleryView_A.m in Sources */ = {isa = PBXBuildFile; fileRef = 9963DD29187D2F5F00571748 /* MImageGalleryView_A.m */; };
		9963DD30187D41D200571748 /* MKeyboardInputViewController.m in Sources */ = {isa = PBXBuildFile; fileRef = 9963DD2F187D41D200571748 /* MKeyboardInputViewController.m */; };
		9963DD33187D443A00571748 /* MKeyboardInputView.m in Sources */ = {isa = PBXBuildFile; fileRef = 9963DD32187D443A00571748 /* MKeyboardInputView.m */; };
		9963DD4B187D55BB00571748 /* M2TextInputView.m in Sources */ = {isa = PBXBuildFile; fileRef = 9963DD4A187D55BB00571748 /* M2TextInputView.m */; };
		9963DD5E187E465A00571748 /* MRearchThresholdViewController.m in Sources */ = {isa = PBXBuildFile; fileRef = 9963DD5D187E465A00571748 /* MRearchThresholdViewController.m */; };
		9963DD61187E467100571748 /* MRearchThresholdView.m in Sources */ = {isa = PBXBuildFile; fileRef = 9963DD60187E467100571748 /* MRearchThresholdView.m */; };
		9963DD64187E48ED00571748 /* MScrollableView.m in Sources */ = {isa = PBXBuildFile; fileRef = 9963DD63187E48ED00571748 /* MScrollableView.m */; };
		9963DD67187E502000571748 /* M2ScrollableViewObserver.m in Sources */ = {isa = PBXBuildFile; fileRef = 9963DD66187E502000571748 /* M2ScrollableViewObserver.m */; };
		997119101888DC1600039D8A /* M2CommentInputView.m in Sources */ = {isa = PBXBuildFile; fileRef = 9971190F1888DC1600039D8A /* M2CommentInputView.m */; };
		9971193218890C1F00039D8A /* MExtensibleItemTableViewController.m in Sources */ = {isa = PBXBuildFile; fileRef = 9971193118890C1F00039D8A /* MExtensibleItemTableViewController.m */; };
		9971193518890C7B00039D8A /* MExtensibleItemTableView.m in Sources */ = {isa = PBXBuildFile; fileRef = 9971193418890C7B00039D8A /* MExtensibleItemTableView.m */; };
		99711938188917A700039D8A /* MSubViewController.m in Sources */ = {isa = PBXBuildFile; fileRef = 99711937188917A700039D8A /* MSubViewController.m */; };
		9971193B18891FB100039D8A /* right_arrow@2x.png in Resources */ = {isa = PBXBuildFile; fileRef = 9971193A18891FB100039D8A /* right_arrow@2x.png */; };
		997B40FF1856B99D00931A53 /* M2ViewController.m in Sources */ = {isa = PBXBuildFile; fileRef = 997B40FE1856B99D00931A53 /* M2ViewController.m */; };
		997B41021856B9EB00931A53 /* M2NavigationController.m in Sources */ = {isa = PBXBuildFile; fileRef = 997B41011856B9EB00931A53 /* M2NavigationController.m */; };
		997B41801857234000931A53 /* M2Toast.m in Sources */ = {isa = PBXBuildFile; fileRef = 997B417F1857234000931A53 /* M2Toast.m */; };
		997B41991857386000931A53 /* M2StatusBarToast.m in Sources */ = {isa = PBXBuildFile; fileRef = 997B41981857386000931A53 /* M2StatusBarToast.m */; };
		99B6270A1856B82B0081DF4D /* CenterToastViewController.m in Sources */ = {isa = PBXBuildFile; fileRef = 99B627091856B82B0081DF4D /* CenterToastViewController.m */; };
		99BA1FF91859D71D00EF5A74 /* StatusToastViewController.m in Sources */ = {isa = PBXBuildFile; fileRef = 99BA1FF81859D71D00EF5A74 /* StatusToastViewController.m */; };
		99BA1FFD1859DA4200EF5A74 /* LaunchHelpViewController.m in Sources */ = {isa = PBXBuildFile; fileRef = 99BA1FFC1859DA4200EF5A74 /* LaunchHelpViewController.m */; };
		99BA20001859DA4F00EF5A74 /* M2HelpView.m in Sources */ = {isa = PBXBuildFile; fileRef = 99BA1FFF1859DA4F00EF5A74 /* M2HelpView.m */; };
		99BA20061859DE4B00EF5A74 /* help_phone0.jpg in Resources */ = {isa = PBXBuildFile; fileRef = 99BA20021859DE4B00EF5A74 /* help_phone0.jpg */; };
		99BA20071859DE4B00EF5A74 /* help_phone1.jpg in Resources */ = {isa = PBXBuildFile; fileRef = 99BA20031859DE4B00EF5A74 /* help_phone1.jpg */; };
		99BA20081859DE4B00EF5A74 /* help_phone2.jpg in Resources */ = {isa = PBXBuildFile; fileRef = 99BA20041859DE4B00EF5A74 /* help_phone2.jpg */; };
		99BA20091859DE4B00EF5A74 /* help_phone3.jpg in Resources */ = {isa = PBXBuildFile; fileRef = 99BA20051859DE4B00EF5A74 /* help_phone3.jpg */; };
		99C12F221884D90200B92D1C /* MImageGalleryViewController_B.m in Sources */ = {isa = PBXBuildFile; fileRef = 99C12F211884D90200B92D1C /* MImageGalleryViewController_B.m */; };
		99C12F251884D92000B92D1C /* MImageGalleryView_B.m in Sources */ = {isa = PBXBuildFile; fileRef = 99C12F241884D92000B92D1C /* MImageGalleryView_B.m */; };
		99C12F281884D99B00B92D1C /* M2GalleryView.m in Sources */ = {isa = PBXBuildFile; fileRef = 99C12F271884D99B00B92D1C /* M2GalleryView.m */; };
		99C12F2B1884E1C200B92D1C /* M2GalleryViewCell.m in Sources */ = {isa = PBXBuildFile; fileRef = 99C12F2A1884E1C200B92D1C /* M2GalleryViewCell.m */; };
		99C12F2F1884E29500B92D1C /* MIGalleryViewCell_B.m in Sources */ = {isa = PBXBuildFile; fileRef = 99C12F2E1884E29500B92D1C /* MIGalleryViewCell_B.m */; };
		99D27C1D1855AE8000513BA9 /* refresh_blue_arrow.png in Resources */ = {isa = PBXBuildFile; fileRef = 99D27C1B1855AE8000513BA9 /* refresh_blue_arrow.png */; };
		99D27C1E1855AE8000513BA9 /* refresh_blue_arrow@2x.png in Resources */ = {isa = PBXBuildFile; fileRef = 99D27C1C1855AE8000513BA9 /* refresh_blue_arrow@2x.png */; };
		99E06E6F187A4FFB0037ED3D /* MTVCRootViewController.m in Sources */ = {isa = PBXBuildFile; fileRef = 99E06E6E187A4FFB0037ED3D /* MTVCRootViewController.m */; };
		99E06E75187A50CF0037ED3D /* M2MultiRowTabbarView_Master.m in Sources */ = {isa = PBXBuildFile; fileRef = 99E06E74187A50CF0037ED3D /* M2MultiRowTabbarView_Master.m */; };
		99E06E79187A5E230037ED3D /* white_rect@2x.png in Resources */ = {isa = PBXBuildFile; fileRef = 99E06E78187A5E230037ED3D /* white_rect@2x.png */; };
		99EBBF7B188E1AE10093B9BB /* MTapTabPanSubViewViewController.m in Sources */ = {isa = PBXBuildFile; fileRef = 99EBBF7A188E1AE10093B9BB /* MTapTabPanSubViewViewController.m */; };
		99EBBF7E188E1B080093B9BB /* MTapTabPanSubViewView.m in Sources */ = {isa = PBXBuildFile; fileRef = 99EBBF7D188E1B080093B9BB /* MTapTabPanSubViewView.m */; };
		99EBBFA0188E48120093B9BB /* MPanTabPanSubViewViewController.m in Sources */ = {isa = PBXBuildFile; fileRef = 99EBBF9F188E48120093B9BB /* MPanTabPanSubViewViewController.m */; };
		99EBBFA3188E48780093B9BB /* MPanTabPanSubViewView.m in Sources */ = {isa = PBXBuildFile; fileRef = 99EBBFA2188E48780093B9BB /* MPanTabPanSubViewView.m */; };
		99EBBFA7188E4D460093B9BB /* M2TabBarView_B.m in Sources */ = {isa = PBXBuildFile; fileRef = 99EBBFA6188E4D460093B9BB /* M2TabBarView_B.m */; };
		99EBBFAE188E6E1F0093B9BB /* m2_72@2x.png in Resources */ = {isa = PBXBuildFile; fileRef = 99EBBFAD188E6E1F0093B9BB /* m2_72@2x.png */; };
		99ED58AD188D0B7E001359F6 /* M2TabBarView_A.m in Sources */ = {isa = PBXBuildFile; fileRef = 99ED58AC188D0B7E001359F6 /* M2TabBarView_A.m */; };
/* End PBXBuildFile section */

/* Begin PBXContainerItemProxy section */
		995F3AC3184C2D59005F349B /* PBXContainerItemProxy */ = {
			isa = PBXContainerItemProxy;
			containerPortal = 995F3A9B184C2D59005F349B /* Project object */;
			proxyType = 1;
			remoteGlobalIDString = 995F3AA2184C2D59005F349B;
			remoteInfo = M2UIDemo;
		};
/* End PBXContainerItemProxy section */

/* Begin PBXFileReference section */
		990C2612187AA0A900B3E45A /* MShowFullInfoViewController.h */ = {isa = PBXFileReference; fileEncoding = 4; lastKnownFileType = sourcecode.c.h; path = MShowFullInfoViewController.h; sourceTree = "<group>"; };
		990C2613187AA0A900B3E45A /* MShowFullInfoViewController.m */ = {isa = PBXFileReference; fileEncoding = 4; lastKnownFileType = sourcecode.c.objc; path = MShowFullInfoViewController.m; sourceTree = "<group>"; };
		990C2615187AA0C500B3E45A /* M2ExtensibleInfoView.h */ = {isa = PBXFileReference; fileEncoding = 4; lastKnownFileType = sourcecode.c.h; path = M2ExtensibleInfoView.h; sourceTree = "<group>"; };
		990C2616187AA0C500B3E45A /* M2ExtensibleInfoView.m */ = {isa = PBXFileReference; fileEncoding = 4; lastKnownFileType = sourcecode.c.objc; path = M2ExtensibleInfoView.m; sourceTree = "<group>"; };
		990C2618187AA34000B3E45A /* MShowFullInfoView.h */ = {isa = PBXFileReference; fileEncoding = 4; lastKnownFileType = sourcecode.c.h; path = MShowFullInfoView.h; sourceTree = "<group>"; };
		990C2619187AA34000B3E45A /* MShowFullInfoView.m */ = {isa = PBXFileReference; fileEncoding = 4; lastKnownFileType = sourcecode.c.objc; path = MShowFullInfoView.m; sourceTree = "<group>"; };
		990C261C187BACDC00B3E45A /* _tempTestViewController.h */ = {isa = PBXFileReference; fileEncoding = 4; lastKnownFileType = sourcecode.c.h; path = _tempTestViewController.h; sourceTree = "<group>"; };
		990C261D187BACDC00B3E45A /* _tempTestViewController.m */ = {isa = PBXFileReference; fileEncoding = 4; lastKnownFileType = sourcecode.c.objc; path = _tempTestViewController.m; sourceTree = "<group>"; };
		990C2620187BAD7600B3E45A /* icon@2x.png */ = {isa = PBXFileReference; lastKnownFileType = image.png; name = "icon@2x.png"; path = "../_temp/icon@2x.png"; sourceTree = "<group>"; };
		990C2624187BB11D00B3E45A /* MResizableImageViewController.h */ = {isa = PBXFileReference; fileEncoding = 4; lastKnownFileType = sourcecode.c.h; path = MResizableImageViewController.h; sourceTree = "<group>"; };
		990C2625187BB11D00B3E45A /* MResizableImageViewController.m */ = {isa = PBXFileReference; fileEncoding = 4; lastKnownFileType = sourcecode.c.objc; path = MResizableImageViewController.m; sourceTree = "<group>"; };
		990C264C187BDBC000B3E45A /* MWaterFallMeViewController.h */ = {isa = PBXFileReference; fileEncoding = 4; lastKnownFileType = sourcecode.c.h; path = MWaterFallMeViewController.h; sourceTree = "<group>"; };
		990C264D187BDBC000B3E45A /* MWaterFallMeViewController.m */ = {isa = PBXFileReference; fileEncoding = 4; lastKnownFileType = sourcecode.c.objc; path = MWaterFallMeViewController.m; sourceTree = "<group>"; };
		990C264F187BDC2100B3E45A /* M2WaterFallView.h */ = {isa = PBXFileReference; fileEncoding = 4; lastKnownFileType = sourcecode.c.h; path = M2WaterFallView.h; sourceTree = "<group>"; };
		990C2650187BDC2100B3E45A /* M2WaterFallView.m */ = {isa = PBXFileReference; fileEncoding = 4; lastKnownFileType = sourcecode.c.objc; path = M2WaterFallView.m; sourceTree = "<group>"; };
		990C2654187BDE3400B3E45A /* chinadragon@2x.png */ = {isa = PBXFileReference; lastKnownFileType = image.png; path = "chinadragon@2x.png"; sourceTree = "<group>"; };
		990E45C6188D13F3004E2C98 /* MButtonTabBarViewController.h */ = {isa = PBXFileReference; fileEncoding = 4; lastKnownFileType = sourcecode.c.h; path = MButtonTabBarViewController.h; sourceTree = "<group>"; };
		990E45C7188D13F3004E2C98 /* MButtonTabBarViewController.m */ = {isa = PBXFileReference; fileEncoding = 4; lastKnownFileType = sourcecode.c.objc; path = MButtonTabBarViewController.m; sourceTree = "<group>"; };
		990E45C9188D140B004E2C98 /* MButtonTabBarView.h */ = {isa = PBXFileReference; fileEncoding = 4; lastKnownFileType = sourcecode.c.h; path = MButtonTabBarView.h; sourceTree = "<group>"; };
		990E45CA188D140B004E2C98 /* MButtonTabBarView.m */ = {isa = PBXFileReference; fileEncoding = 4; lastKnownFileType = sourcecode.c.objc; path = MButtonTabBarView.m; sourceTree = "<group>"; };
		990E45CE188D258A004E2C98 /* MMultiRowTabViewController.h */ = {isa = PBXFileReference; fileEncoding = 4; lastKnownFileType = sourcecode.c.h; path = MMultiRowTabViewController.h; sourceTree = "<group>"; };
		990E45CF188D258A004E2C98 /* MMultiRowTabViewController.m */ = {isa = PBXFileReference; fileEncoding = 4; lastKnownFileType = sourcecode.c.objc; path = MMultiRowTabViewController.m; sourceTree = "<group>"; };
		990E45D1188D25A6004E2C98 /* MMultiRowTabView.h */ = {isa = PBXFileReference; fileEncoding = 4; lastKnownFileType = sourcecode.c.h; path = MMultiRowTabView.h; sourceTree = "<group>"; };
		990E45D2188D25A6004E2C98 /* MMultiRowTabView.m */ = {isa = PBXFileReference; fileEncoding = 4; lastKnownFileType = sourcecode.c.objc; path = MMultiRowTabView.m; sourceTree = "<group>"; };
		99518FC01887B2B600A3F20E /* MCommentViewController.h */ = {isa = PBXFileReference; fileEncoding = 4; lastKnownFileType = sourcecode.c.h; path = MCommentViewController.h; sourceTree = "<group>"; };
		99518FC11887B2B600A3F20E /* MCommentViewController.m */ = {isa = PBXFileReference; fileEncoding = 4; lastKnownFileType = sourcecode.c.objc; path = MCommentViewController.m; sourceTree = "<group>"; };
		99518FC31887B2CF00A3F20E /* MCommentView.h */ = {isa = PBXFileReference; fileEncoding = 4; lastKnownFileType = sourcecode.c.h; path = MCommentView.h; sourceTree = "<group>"; };
		99518FC41887B2CF00A3F20E /* MCommentView.m */ = {isa = PBXFileReference; fileEncoding = 4; lastKnownFileType = sourcecode.c.objc; path = MCommentView.m; sourceTree = "<group>"; };
		99518FC61887B32E00A3F20E /* M2CommentCell.h */ = {isa = PBXFileReference; fileEncoding = 4; lastKnownFileType = sourcecode.c.h; path = M2CommentCell.h; sourceTree = "<group>"; };
		99518FC71887B32E00A3F20E /* M2CommentCell.m */ = {isa = PBXFileReference; fileEncoding = 4; lastKnownFileType = sourcecode.c.objc; path = M2CommentCell.m; sourceTree = "<group>"; };
		99518FD31887DA6800A3F20E /* M2CommentInputView_M1.h */ = {isa = PBXFileReference; fileEncoding = 4; lastKnownFileType = sourcecode.c.h; path = M2CommentInputView_M1.h; sourceTree = "<group>"; };
		99518FD41887DA6800A3F20E /* M2CommentInputView_M1.m */ = {isa = PBXFileReference; fileEncoding = 4; lastKnownFileType = sourcecode.c.objc; path = M2CommentInputView_M1.m; sourceTree = "<group>"; };
		995E3FAB1862ED9000A46778 /* TestTableViewController.h */ = {isa = PBXFileReference; fileEncoding = 4; lastKnownFileType = sourcecode.c.h; path = TestTableViewController.h; sourceTree = "<group>"; };
		995E3FAC1862ED9000A46778 /* TestTableViewController.m */ = {isa = PBXFileReference; fileEncoding = 4; lastKnownFileType = sourcecode.c.objc; path = TestTableViewController.m; sourceTree = "<group>"; };
		995E3FAF1862F48700A46778 /* TestCustomCell.h */ = {isa = PBXFileReference; fileEncoding = 4; lastKnownFileType = sourcecode.c.h; path = TestCustomCell.h; sourceTree = "<group>"; };
		995E3FB01862F48700A46778 /* TestCustomCell.m */ = {isa = PBXFileReference; fileEncoding = 4; lastKnownFileType = sourcecode.c.objc; path = TestCustomCell.m; sourceTree = "<group>"; };
		995E3FB31862F8C100A46778 /* 163_icon@2x.png */ = {isa = PBXFileReference; lastKnownFileType = image.png; path = "163_icon@2x.png"; sourceTree = "<group>"; };
		995F3AA3184C2D59005F349B /* M2UIDemo.app */ = {isa = PBXFileReference; explicitFileType = wrapper.application; includeInIndex = 0; path = M2UIDemo.app; sourceTree = BUILT_PRODUCTS_DIR; };
		995F3AA6184C2D59005F349B /* Foundation.framework */ = {isa = PBXFileReference; lastKnownFileType = wrapper.framework; name = Foundation.framework; path = System/Library/Frameworks/Foundation.framework; sourceTree = SDKROOT; };
		995F3AA8184C2D59005F349B /* CoreGraphics.framework */ = {isa = PBXFileReference; lastKnownFileType = wrapper.framework; name = CoreGraphics.framework; path = System/Library/Frameworks/CoreGraphics.framework; sourceTree = SDKROOT; };
		995F3AAA184C2D59005F349B /* UIKit.framework */ = {isa = PBXFileReference; lastKnownFileType = wrapper.framework; name = UIKit.framework; path = System/Library/Frameworks/UIKit.framework; sourceTree = SDKROOT; };
		995F3AAE184C2D59005F349B /* M2UIDemo-Info.plist */ = {isa = PBXFileReference; lastKnownFileType = text.plist.xml; path = "M2UIDemo-Info.plist"; sourceTree = "<group>"; };
		995F3AB0184C2D59005F349B /* en */ = {isa = PBXFileReference; lastKnownFileType = text.plist.strings; name = en; path = en.lproj/InfoPlist.strings; sourceTree = "<group>"; };
		995F3AB2184C2D59005F349B /* main.m */ = {isa = PBXFileReference; lastKnownFileType = sourcecode.c.objc; path = main.m; sourceTree = "<group>"; };
		995F3AB4184C2D59005F349B /* M2UIDemo-Prefix.pch */ = {isa = PBXFileReference; lastKnownFileType = sourcecode.c.h; path = "M2UIDemo-Prefix.pch"; sourceTree = "<group>"; };
		995F3AB5184C2D59005F349B /* AppDelegate.h */ = {isa = PBXFileReference; lastKnownFileType = sourcecode.c.h; path = AppDelegate.h; sourceTree = "<group>"; };
		995F3AB6184C2D59005F349B /* AppDelegate.m */ = {isa = PBXFileReference; lastKnownFileType = sourcecode.c.objc; path = AppDelegate.m; sourceTree = "<group>"; };
		995F3AB8184C2D59005F349B /* Images.xcassets */ = {isa = PBXFileReference; lastKnownFileType = folder.assetcatalog; path = Images.xcassets; sourceTree = "<group>"; };
		995F3ABE184C2D59005F349B /* M2UIDemoTests.xctest */ = {isa = PBXFileReference; explicitFileType = wrapper.cfbundle; includeInIndex = 0; path = M2UIDemoTests.xctest; sourceTree = BUILT_PRODUCTS_DIR; };
		995F3ABF184C2D59005F349B /* XCTest.framework */ = {isa = PBXFileReference; lastKnownFileType = wrapper.framework; name = XCTest.framework; path = Library/Frameworks/XCTest.framework; sourceTree = DEVELOPER_DIR; };
		995F3AC7184C2D59005F349B /* M2UIDemoTests-Info.plist */ = {isa = PBXFileReference; lastKnownFileType = text.plist.xml; path = "M2UIDemoTests-Info.plist"; sourceTree = "<group>"; };
		995F3AC9184C2D59005F349B /* en */ = {isa = PBXFileReference; lastKnownFileType = text.plist.strings; name = en; path = en.lproj/InfoPlist.strings; sourceTree = "<group>"; };
		995F3ACB184C2D59005F349B /* M2UIDemoTests.m */ = {isa = PBXFileReference; lastKnownFileType = sourcecode.c.objc; path = M2UIDemoTests.m; sourceTree = "<group>"; };
		995F3AD8184C2DC2005F349B /* RootViewController.h */ = {isa = PBXFileReference; fileEncoding = 4; lastKnownFileType = sourcecode.c.h; path = RootViewController.h; sourceTree = "<group>"; };
		995F3AD9184C2DC2005F349B /* RootViewController.m */ = {isa = PBXFileReference; fileEncoding = 4; lastKnownFileType = sourcecode.c.objc; path = RootViewController.m; sourceTree = "<group>"; };
		995F3ADD184C313C005F349B /* PullDownRefreshViewController.h */ = {isa = PBXFileReference; fileEncoding = 4; lastKnownFileType = sourcecode.c.h; path = PullDownRefreshViewController.h; sourceTree = "<group>"; };
		995F3ADE184C313C005F349B /* PullDownRefreshViewController.m */ = {isa = PBXFileReference; fileEncoding = 4; lastKnownFileType = sourcecode.c.objc; path = PullDownRefreshViewController.m; sourceTree = "<group>"; };
		995F3AE0184C334F005F349B /* M2BaseRefreshView.h */ = {isa = PBXFileReference; fileEncoding = 4; lastKnownFileType = sourcecode.c.h; path = M2BaseRefreshView.h; sourceTree = "<group>"; };
		995F3AE1184C334F005F349B /* M2BaseRefreshView.m */ = {isa = PBXFileReference; fileEncoding = 4; lastKnownFileType = sourcecode.c.objc; path = M2BaseRefreshView.m; sourceTree = "<group>"; };
		9963320E1883BAD30038BCE3 /* M2MultiRowTabbarView.h */ = {isa = PBXFileReference; fileEncoding = 4; lastKnownFileType = sourcecode.c.h; path = M2MultiRowTabbarView.h; sourceTree = "<group>"; };
		9963320F1883BAD30038BCE3 /* M2MultiRowTabbarView.m */ = {isa = PBXFileReference; fileEncoding = 4; lastKnownFileType = sourcecode.c.objc; path = M2MultiRowTabbarView.m; sourceTree = "<group>"; };
		9963DD10187CF75A00571748 /* M2ImageGalleryView_A.h */ = {isa = PBXFileReference; fileEncoding = 4; lastKnownFileType = sourcecode.c.h; path = M2ImageGalleryView_A.h; sourceTree = "<group>"; };
		9963DD11187CF75A00571748 /* M2ImageGalleryView_A.m */ = {isa = PBXFileReference; fileEncoding = 4; lastKnownFileType = sourcecode.c.objc; path = M2ImageGalleryView_A.m; sourceTree = "<group>"; };
		9963DD13187CF77100571748 /* MImageGalleryViewController_A.h */ = {isa = PBXFileReference; fileEncoding = 4; lastKnownFileType = sourcecode.c.h; path = MImageGalleryViewController_A.h; sourceTree = "<group>"; };
		9963DD14187CF77100571748 /* MImageGalleryViewController_A.m */ = {isa = PBXFileReference; fileEncoding = 4; lastKnownFileType = sourcecode.c.objc; path = MImageGalleryViewController_A.m; sourceTree = "<group>"; };
		9963DD18187D031700571748 /* landscape_0.jpg */ = {isa = PBXFileReference; lastKnownFileType = image.jpeg; path = landscape_0.jpg; sourceTree = "<group>"; };
		9963DD19187D031700571748 /* landscape_1.jpg */ = {isa = PBXFileReference; lastKnownFileType = image.jpeg; path = landscape_1.jpg; sourceTree = "<group>"; };
		9963DD1A187D031700571748 /* landscape_2.jpg */ = {isa = PBXFileReference; lastKnownFileType = image.jpeg; path = landscape_2.jpg; sourceTree = "<group>"; };
		9963DD1B187D031700571748 /* landscape_3.jpg */ = {isa = PBXFileReference; lastKnownFileType = image.jpeg; path = landscape_3.jpg; sourceTree = "<group>"; };
		9963DD1C187D031700571748 /* portrait_0.jpg */ = {isa = PBXFileReference; lastKnownFileType = image.jpeg; path = portrait_0.jpg; sourceTree = "<group>"; };
		9963DD1D187D031700571748 /* portrait_1.jpg */ = {isa = PBXFileReference; lastKnownFileType = image.jpeg; path = portrait_1.jpg; sourceTree = "<group>"; };
		9963DD1E187D031700571748 /* portrait_2.jpg */ = {isa = PBXFileReference; lastKnownFileType = image.jpeg; path = portrait_2.jpg; sourceTree = "<group>"; };
		9963DD1F187D031700571748 /* portrait_3.jpg */ = {isa = PBXFileReference; lastKnownFileType = image.jpeg; path = portrait_3.jpg; sourceTree = "<group>"; };
		9963DD28187D2F5F00571748 /* MImageGalleryView_A.h */ = {isa = PBXFileReference; fileEncoding = 4; lastKnownFileType = sourcecode.c.h; path = MImageGalleryView_A.h; sourceTree = "<group>"; };
		9963DD29187D2F5F00571748 /* MImageGalleryView_A.m */ = {isa = PBXFileReference; fileEncoding = 4; lastKnownFileType = sourcecode.c.objc; path = MImageGalleryView_A.m; sourceTree = "<group>"; };
		9963DD2E187D41D200571748 /* MKeyboardInputViewController.h */ = {isa = PBXFileReference; fileEncoding = 4; lastKnownFileType = sourcecode.c.h; path = MKeyboardInputViewController.h; sourceTree = "<group>"; };
		9963DD2F187D41D200571748 /* MKeyboardInputViewController.m */ = {isa = PBXFileReference; fileEncoding = 4; lastKnownFileType = sourcecode.c.objc; path = MKeyboardInputViewController.m; sourceTree = "<group>"; };
		9963DD31187D443A00571748 /* MKeyboardInputView.h */ = {isa = PBXFileReference; fileEncoding = 4; lastKnownFileType = sourcecode.c.h; path = MKeyboardInputView.h; sourceTree = "<group>"; };
		9963DD32187D443A00571748 /* MKeyboardInputView.m */ = {isa = PBXFileReference; fileEncoding = 4; lastKnownFileType = sourcecode.c.objc; path = MKeyboardInputView.m; sourceTree = "<group>"; };
		9963DD49187D55BB00571748 /* M2TextInputView.h */ = {isa = PBXFileReference; fileEncoding = 4; lastKnownFileType = sourcecode.c.h; path = M2TextInputView.h; sourceTree = "<group>"; };
		9963DD4A187D55BB00571748 /* M2TextInputView.m */ = {isa = PBXFileReference; fileEncoding = 4; lastKnownFileType = sourcecode.c.objc; path = M2TextInputView.m; sourceTree = "<group>"; };
		9963DD5C187E465A00571748 /* MRearchThresholdViewController.h */ = {isa = PBXFileReference; fileEncoding = 4; lastKnownFileType = sourcecode.c.h; path = MRearchThresholdViewController.h; sourceTree = "<group>"; };
		9963DD5D187E465A00571748 /* MRearchThresholdViewController.m */ = {isa = PBXFileReference; fileEncoding = 4; lastKnownFileType = sourcecode.c.objc; path = MRearchThresholdViewController.m; sourceTree = "<group>"; };
		9963DD5F187E467100571748 /* MRearchThresholdView.h */ = {isa = PBXFileReference; fileEncoding = 4; lastKnownFileType = sourcecode.c.h; path = MRearchThresholdView.h; sourceTree = "<group>"; };
		9963DD60187E467100571748 /* MRearchThresholdView.m */ = {isa = PBXFileReference; fileEncoding = 4; lastKnownFileType = sourcecode.c.objc; path = MRearchThresholdView.m; sourceTree = "<group>"; };
		9963DD62187E48ED00571748 /* MScrollableView.h */ = {isa = PBXFileReference; fileEncoding = 4; lastKnownFileType = sourcecode.c.h; path = MScrollableView.h; sourceTree = "<group>"; };
		9963DD63187E48ED00571748 /* MScrollableView.m */ = {isa = PBXFileReference; fileEncoding = 4; lastKnownFileType = sourcecode.c.objc; path = MScrollableView.m; sourceTree = "<group>"; };
		9963DD65187E502000571748 /* M2ScrollableViewObserver.h */ = {isa = PBXFileReference; fileEncoding = 4; lastKnownFileType = sourcecode.c.h; path = M2ScrollableViewObserver.h; sourceTree = "<group>"; };
		9963DD66187E502000571748 /* M2ScrollableViewObserver.m */ = {isa = PBXFileReference; fileEncoding = 4; lastKnownFileType = sourcecode.c.objc; path = M2ScrollableViewObserver.m; sourceTree = "<group>"; };
		9971190E1888DC1600039D8A /* M2CommentInputView.h */ = {isa = PBXFileReference; fileEncoding = 4; lastKnownFileType = sourcecode.c.h; path = M2CommentInputView.h; sourceTree = "<group>"; };
		9971190F1888DC1600039D8A /* M2CommentInputView.m */ = {isa = PBXFileReference; fileEncoding = 4; lastKnownFileType = sourcecode.c.objc; path = M2CommentInputView.m; sourceTree = "<group>"; };
		9971193018890C1F00039D8A /* MExtensibleItemTableViewController.h */ = {isa = PBXFileReference; fileEncoding = 4; lastKnownFileType = sourcecode.c.h; path = MExtensibleItemTableViewController.h; sourceTree = "<group>"; };
		9971193118890C1F00039D8A /* MExtensibleItemTableViewController.m */ = {isa = PBXFileReference; fileEncoding = 4; lastKnownFileType = sourcecode.c.objc; path = MExtensibleItemTableViewController.m; sourceTree = "<group>"; };
		9971193318890C7B00039D8A /* MExtensibleItemTableView.h */ = {isa = PBXFileReference; fileEncoding = 4; lastKnownFileType = sourcecode.c.h; path = MExtensibleItemTableView.h; sourceTree = "<group>"; };
		9971193418890C7B00039D8A /* MExtensibleItemTableView.m */ = {isa = PBXFileReference; fileEncoding = 4; lastKnownFileType = sourcecode.c.objc; path = MExtensibleItemTableView.m; sourceTree = "<group>"; };
		99711936188917A700039D8A /* MSubViewController.h */ = {isa = PBXFileReference; fileEncoding = 4; lastKnownFileType = sourcecode.c.h; path = MSubViewController.h; sourceTree = "<group>"; };
		99711937188917A700039D8A /* MSubViewController.m */ = {isa = PBXFileReference; fileEncoding = 4; lastKnownFileType = sourcecode.c.objc; path = MSubViewController.m; sourceTree = "<group>"; };
		9971193A18891FB100039D8A /* right_arrow@2x.png */ = {isa = PBXFileReference; lastKnownFileType = image.png; path = "right_arrow@2x.png"; sourceTree = "<group>"; };
		997B40FD1856B99D00931A53 /* M2ViewController.h */ = {isa = PBXFileReference; fileEncoding = 4; lastKnownFileType = sourcecode.c.h; path = M2ViewController.h; sourceTree = "<group>"; };
		997B40FE1856B99D00931A53 /* M2ViewController.m */ = {isa = PBXFileReference; fileEncoding = 4; lastKnownFileType = sourcecode.c.objc; path = M2ViewController.m; sourceTree = "<group>"; };
		997B41001856B9EB00931A53 /* M2NavigationController.h */ = {isa = PBXFileReference; fileEncoding = 4; lastKnownFileType = sourcecode.c.h; path = M2NavigationController.h; sourceTree = "<group>"; };
		997B41011856B9EB00931A53 /* M2NavigationController.m */ = {isa = PBXFileReference; fileEncoding = 4; lastKnownFileType = sourcecode.c.objc; path = M2NavigationController.m; sourceTree = "<group>"; };
		997B417E1857234000931A53 /* M2Toast.h */ = {isa = PBXFileReference; fileEncoding = 4; lastKnownFileType = sourcecode.c.h; path = M2Toast.h; sourceTree = "<group>"; };
		997B417F1857234000931A53 /* M2Toast.m */ = {isa = PBXFileReference; fileEncoding = 4; lastKnownFileType = sourcecode.c.objc; path = M2Toast.m; sourceTree = "<group>"; };
		997B41971857386000931A53 /* M2StatusBarToast.h */ = {isa = PBXFileReference; fileEncoding = 4; lastKnownFileType = sourcecode.c.h; path = M2StatusBarToast.h; sourceTree = "<group>"; };
		997B41981857386000931A53 /* M2StatusBarToast.m */ = {isa = PBXFileReference; fileEncoding = 4; lastKnownFileType = sourcecode.c.objc; path = M2StatusBarToast.m; sourceTree = "<group>"; };
		99B627081856B82B0081DF4D /* CenterToastViewController.h */ = {isa = PBXFileReference; fileEncoding = 4; lastKnownFileType = sourcecode.c.h; path = CenterToastViewController.h; sourceTree = "<group>"; };
		99B627091856B82B0081DF4D /* CenterToastViewController.m */ = {isa = PBXFileReference; fileEncoding = 4; lastKnownFileType = sourcecode.c.objc; path = CenterToastViewController.m; sourceTree = "<group>"; };
		99BA1FF71859D71D00EF5A74 /* StatusToastViewController.h */ = {isa = PBXFileReference; fileEncoding = 4; lastKnownFileType = sourcecode.c.h; path = StatusToastViewController.h; sourceTree = "<group>"; };
		99BA1FF81859D71D00EF5A74 /* StatusToastViewController.m */ = {isa = PBXFileReference; fileEncoding = 4; lastKnownFileType = sourcecode.c.objc; path = StatusToastViewController.m; sourceTree = "<group>"; };
		99BA1FFB1859DA4200EF5A74 /* LaunchHelpViewController.h */ = {isa = PBXFileReference; fileEncoding = 4; lastKnownFileType = sourcecode.c.h; path = LaunchHelpViewController.h; sourceTree = "<group>"; };
		99BA1FFC1859DA4200EF5A74 /* LaunchHelpViewController.m */ = {isa = PBXFileReference; fileEncoding = 4; lastKnownFileType = sourcecode.c.objc; path = LaunchHelpViewController.m; sourceTree = "<group>"; };
		99BA1FFE1859DA4F00EF5A74 /* M2HelpView.h */ = {isa = PBXFileReference; fileEncoding = 4; lastKnownFileType = sourcecode.c.h; path = M2HelpView.h; sourceTree = "<group>"; };
		99BA1FFF1859DA4F00EF5A74 /* M2HelpView.m */ = {isa = PBXFileReference; fileEncoding = 4; lastKnownFileType = sourcecode.c.objc; path = M2HelpView.m; sourceTree = "<group>"; };
		99BA20021859DE4B00EF5A74 /* help_phone0.jpg */ = {isa = PBXFileReference; lastKnownFileType = image.jpeg; path = help_phone0.jpg; sourceTree = "<group>"; };
		99BA20031859DE4B00EF5A74 /* help_phone1.jpg */ = {isa = PBXFileReference; lastKnownFileType = image.jpeg; path = help_phone1.jpg; sourceTree = "<group>"; };
		99BA20041859DE4B00EF5A74 /* help_phone2.jpg */ = {isa = PBXFileReference; lastKnownFileType = image.jpeg; path = help_phone2.jpg; sourceTree = "<group>"; };
		99BA20051859DE4B00EF5A74 /* help_phone3.jpg */ = {isa = PBXFileReference; lastKnownFileType = image.jpeg; path = help_phone3.jpg; sourceTree = "<group>"; };
		99C12F201884D90200B92D1C /* MImageGalleryViewController_B.h */ = {isa = PBXFileReference; fileEncoding = 4; lastKnownFileType = sourcecode.c.h; path = MImageGalleryViewController_B.h; sourceTree = "<group>"; };
		99C12F211884D90200B92D1C /* MImageGalleryViewController_B.m */ = {isa = PBXFileReference; fileEncoding = 4; lastKnownFileType = sourcecode.c.objc; path = MImageGalleryViewController_B.m; sourceTree = "<group>"; };
		99C12F231884D92000B92D1C /* MImageGalleryView_B.h */ = {isa = PBXFileReference; fileEncoding = 4; lastKnownFileType = sourcecode.c.h; path = MImageGalleryView_B.h; sourceTree = "<group>"; };
		99C12F241884D92000B92D1C /* MImageGalleryView_B.m */ = {isa = PBXFileReference; fileEncoding = 4; lastKnownFileType = sourcecode.c.objc; path = MImageGalleryView_B.m; sourceTree = "<group>"; };
		99C12F261884D99B00B92D1C /* M2GalleryView.h */ = {isa = PBXFileReference; fileEncoding = 4; lastKnownFileType = sourcecode.c.h; path = M2GalleryView.h; sourceTree = "<group>"; };
		99C12F271884D99B00B92D1C /* M2GalleryView.m */ = {isa = PBXFileReference; fileEncoding = 4; lastKnownFileType = sourcecode.c.objc; path = M2GalleryView.m; sourceTree = "<group>"; };
		99C12F291884E1C200B92D1C /* M2GalleryViewCell.h */ = {isa = PBXFileReference; fileEncoding = 4; lastKnownFileType = sourcecode.c.h; path = M2GalleryViewCell.h; sourceTree = "<group>"; };
		99C12F2A1884E1C200B92D1C /* M2GalleryViewCell.m */ = {isa = PBXFileReference; fileEncoding = 4; lastKnownFileType = sourcecode.c.objc; path = M2GalleryViewCell.m; sourceTree = "<group>"; };
		99C12F2D1884E29500B92D1C /* MIGalleryViewCell_B.h */ = {isa = PBXFileReference; fileEncoding = 4; lastKnownFileType = sourcecode.c.h; path = MIGalleryViewCell_B.h; sourceTree = "<group>"; };
		99C12F2E1884E29500B92D1C /* MIGalleryViewCell_B.m */ = {isa = PBXFileReference; fileEncoding = 4; lastKnownFileType = sourcecode.c.objc; path = MIGalleryViewCell_B.m; sourceTree = "<group>"; };
		99D27C1B1855AE8000513BA9 /* refresh_blue_arrow.png */ = {isa = PBXFileReference; lastKnownFileType = image.png; path = refresh_blue_arrow.png; sourceTree = "<group>"; };
		99D27C1C1855AE8000513BA9 /* refresh_blue_arrow@2x.png */ = {isa = PBXFileReference; lastKnownFileType = image.png; path = "refresh_blue_arrow@2x.png"; sourceTree = "<group>"; };
		99E06E6D187A4FFB0037ED3D /* MTVCRootViewController.h */ = {isa = PBXFileReference; fileEncoding = 4; lastKnownFileType = sourcecode.c.h; path = MTVCRootViewController.h; sourceTree = "<group>"; };
		99E06E6E187A4FFB0037ED3D /* MTVCRootViewController.m */ = {isa = PBXFileReference; fileEncoding = 4; lastKnownFileType = sourcecode.c.objc; path = MTVCRootViewController.m; sourceTree = "<group>"; };
		99E06E73187A50CF0037ED3D /* M2MultiRowTabbarView_Master.h */ = {isa = PBXFileReference; fileEncoding = 4; lastKnownFileType = sourcecode.c.h; path = M2MultiRowTabbarView_Master.h; sourceTree = "<group>"; };
		99E06E74187A50CF0037ED3D /* M2MultiRowTabbarView_Master.m */ = {isa = PBXFileReference; fileEncoding = 4; lastKnownFileType = sourcecode.c.objc; path = M2MultiRowTabbarView_Master.m; sourceTree = "<group>"; };
		99E06E78187A5E230037ED3D /* white_rect@2x.png */ = {isa = PBXFileReference; lastKnownFileType = image.png; path = "white_rect@2x.png"; sourceTree = "<group>"; };
		99EBBF79188E1AE10093B9BB /* MTapTabPanSubViewViewController.h */ = {isa = PBXFileReference; fileEncoding = 4; lastKnownFileType = sourcecode.c.h; path = MTapTabPanSubViewViewController.h; sourceTree = "<group>"; };
		99EBBF7A188E1AE10093B9BB /* MTapTabPanSubViewViewController.m */ = {isa = PBXFileReference; fileEncoding = 4; lastKnownFileType = sourcecode.c.objc; path = MTapTabPanSubViewViewController.m; sourceTree = "<group>"; };
		99EBBF7C188E1B080093B9BB /* MTapTabPanSubViewView.h */ = {isa = PBXFileReference; fileEncoding = 4; lastKnownFileType = sourcecode.c.h; path = MTapTabPanSubViewView.h; sourceTree = "<group>"; };
		99EBBF7D188E1B080093B9BB /* MTapTabPanSubViewView.m */ = {isa = PBXFileReference; fileEncoding = 4; lastKnownFileType = sourcecode.c.objc; path = MTapTabPanSubViewView.m; sourceTree = "<group>"; };
		99EBBF9E188E48120093B9BB /* MPanTabPanSubViewViewController.h */ = {isa = PBXFileReference; fileEncoding = 4; lastKnownFileType = sourcecode.c.h; path = MPanTabPanSubViewViewController.h; sourceTree = "<group>"; };
		99EBBF9F188E48120093B9BB /* MPanTabPanSubViewViewController.m */ = {isa = PBXFileReference; fileEncoding = 4; lastKnownFileType = sourcecode.c.objc; path = MPanTabPanSubViewViewController.m; sourceTree = "<group>"; };
		99EBBFA1188E48780093B9BB /* MPanTabPanSubViewView.h */ = {isa = PBXFileReference; fileEncoding = 4; lastKnownFileType = sourcecode.c.h; path = MPanTabPanSubViewView.h; sourceTree = "<group>"; };
		99EBBFA2188E48780093B9BB /* MPanTabPanSubViewView.m */ = {isa = PBXFileReference; fileEncoding = 4; lastKnownFileType = sourcecode.c.objc; path = MPanTabPanSubViewView.m; sourceTree = "<group>"; };
		99EBBFA5188E4D460093B9BB /* M2TabBarView_B.h */ = {isa = PBXFileReference; fileEncoding = 4; lastKnownFileType = sourcecode.c.h; path = M2TabBarView_B.h; sourceTree = "<group>"; };
		99EBBFA6188E4D460093B9BB /* M2TabBarView_B.m */ = {isa = PBXFileReference; fileEncoding = 4; lastKnownFileType = sourcecode.c.objc; path = M2TabBarView_B.m; sourceTree = "<group>"; };
		99EBBFAD188E6E1F0093B9BB /* m2_72@2x.png */ = {isa = PBXFileReference; lastKnownFileType = image.png; path = "m2_72@2x.png"; sourceTree = "<group>"; };
		99ED58AB188D0B7E001359F6 /* M2TabBarView_A.h */ = {isa = PBXFileReference; fileEncoding = 4; lastKnownFileType = sourcecode.c.h; path = M2TabBarView_A.h; sourceTree = "<group>"; };
		99ED58AC188D0B7E001359F6 /* M2TabBarView_A.m */ = {isa = PBXFileReference; fileEncoding = 4; lastKnownFileType = sourcecode.c.objc; path = M2TabBarView_A.m; sourceTree = "<group>"; };
/* End PBXFileReference section */

/* Begin PBXFrameworksBuildPhase section */
		995F3AA0184C2D59005F349B /* Frameworks */ = {
			isa = PBXFrameworksBuildPhase;
			buildActionMask = 2147483647;
			files = (
				995F3AA9184C2D59005F349B /* CoreGraphics.framework in Frameworks */,
				995F3AAB184C2D59005F349B /* UIKit.framework in Frameworks */,
				995F3AA7184C2D59005F349B /* Foundation.framework in Frameworks */,
			);
			runOnlyForDeploymentPostprocessing = 0;
		};
		995F3ABB184C2D59005F349B /* Frameworks */ = {
			isa = PBXFrameworksBuildPhase;
			buildActionMask = 2147483647;
			files = (
				995F3AC0184C2D59005F349B /* XCTest.framework in Frameworks */,
				995F3AC2184C2D59005F349B /* UIKit.framework in Frameworks */,
				995F3AC1184C2D59005F349B /* Foundation.framework in Frameworks */,
			);
			runOnlyForDeploymentPostprocessing = 0;
		};
/* End PBXFrameworksBuildPhase section */

/* Begin PBXGroup section */
		990C2610187A9C6400B3E45A /* App详情页常用控件 */ = {
			isa = PBXGroup;
			children = (
				990C2611187A9C8500B3E45A /* 可展开的详细信息 */,
				99518FBF1887B28600A3F20E /* 评论Cell */,
			);
			name = "App详情页常用控件";
			sourceTree = "<group>";
		};
		990C2611187A9C8500B3E45A /* 可展开的详细信息 */ = {
			isa = PBXGroup;
			children = (
				99518F96188785F700A3F20E /* M2 */,
				990C2612187AA0A900B3E45A /* MShowFullInfoViewController.h */,
				990C2613187AA0A900B3E45A /* MShowFullInfoViewController.m */,
				990C2618187AA34000B3E45A /* MShowFullInfoView.h */,
				990C2619187AA34000B3E45A /* MShowFullInfoView.m */,
			);
			name = "可展开的详细信息";
			sourceTree = "<group>";
		};
		990C261B187BACBF00B3E45A /* _临时测试 */ = {
			isa = PBXGroup;
			children = (
				990C261C187BACDC00B3E45A /* _tempTestViewController.h */,
				990C261D187BACDC00B3E45A /* _tempTestViewController.m */,
			);
			name = "_临时测试";
			sourceTree = "<group>";
		};
		990C261F187BAD7600B3E45A /* _temp */ = {
			isa = PBXGroup;
			children = (
			);
			path = _temp;
			sourceTree = "<group>";
		};
		990C2622187BB0BF00B3E45A /* 平铺拉伸图片 */ = {
			isa = PBXGroup;
			children = (
				990C2623187BB0D100B3E45A /* 平铺拉伸图片 */,
			);
			name = "平铺拉伸图片";
			sourceTree = "<group>";
		};
		990C2623187BB0D100B3E45A /* 平铺拉伸图片 */ = {
			isa = PBXGroup;
			children = (
				990C2624187BB11D00B3E45A /* MResizableImageViewController.h */,
				990C2625187BB11D00B3E45A /* MResizableImageViewController.m */,
			);
			name = "平铺拉伸图片";
			sourceTree = "<group>";
		};
		990C2647187BDB0A00B3E45A /* 瀑布流 */ = {
			isa = PBXGroup;
			children = (
				990C2648187BDB1300B3E45A /* 无复用 */,
			);
			name = "瀑布流";
			sourceTree = "<group>";
		};
		990C2648187BDB1300B3E45A /* 无复用 */ = {
			isa = PBXGroup;
			children = (
				990C264C187BDBC000B3E45A /* MWaterFallMeViewController.h */,
				990C264D187BDBC000B3E45A /* MWaterFallMeViewController.m */,
				990C264F187BDC2100B3E45A /* M2WaterFallView.h */,
				990C2650187BDC2100B3E45A /* M2WaterFallView.m */,
			);
			name = "无复用";
			sourceTree = "<group>";
		};
		990C2653187BDC6C00B3E45A /* images */ = {
			isa = PBXGroup;
			children = (
				990C2654187BDE3400B3E45A /* chinadragon@2x.png */,
				990C2620187BAD7600B3E45A /* icon@2x.png */,
			);
			path = images;
			sourceTree = "<group>";
		};
		990E45CC188D251A004E2C98 /* 多行 */ = {
			isa = PBXGroup;
			children = (
				990E45CD188D2552004E2C98 /* M2 */,
				990E45CE188D258A004E2C98 /* MMultiRowTabViewController.h */,
				990E45CF188D258A004E2C98 /* MMultiRowTabViewController.m */,
				990E45D1188D25A6004E2C98 /* MMultiRowTabView.h */,
				990E45D2188D25A6004E2C98 /* MMultiRowTabView.m */,
			);
			name = "多行";
			sourceTree = "<group>";
		};
		990E45CD188D2552004E2C98 /* M2 */ = {
			isa = PBXGroup;
			children = (
				99E06E73187A50CF0037ED3D /* M2MultiRowTabbarView_Master.h */,
				99E06E74187A50CF0037ED3D /* M2MultiRowTabbarView_Master.m */,
				9963320E1883BAD30038BCE3 /* M2MultiRowTabbarView.h */,
				9963320F1883BAD30038BCE3 /* M2MultiRowTabbarView.m */,
			);
			name = M2;
			sourceTree = "<group>";
		};
		990E45D4188D3630004E2C98 /* 点击tab或滑动子view */ = {
			isa = PBXGroup;
			children = (
				99EBBF79188E1AE10093B9BB /* MTapTabPanSubViewViewController.h */,
				99EBBF7A188E1AE10093B9BB /* MTapTabPanSubViewViewController.m */,
				99EBBF7C188E1B080093B9BB /* MTapTabPanSubViewView.h */,
				99EBBF7D188E1B080093B9BB /* MTapTabPanSubViewView.m */,
			);
			name = "点击tab或滑动子view";
			sourceTree = "<group>";
		};
		99518F96188785F700A3F20E /* M2 */ = {
			isa = PBXGroup;
			children = (
				990C2615187AA0C500B3E45A /* M2ExtensibleInfoView.h */,
				990C2616187AA0C500B3E45A /* M2ExtensibleInfoView.m */,
			);
			name = M2;
			sourceTree = "<group>";
		};
		99518FBF1887B28600A3F20E /* 评论Cell */ = {
			isa = PBXGroup;
			children = (
				99518FCE1887D4AA00A3F20E /* M2 */,
				99518FC01887B2B600A3F20E /* MCommentViewController.h */,
				99518FC11887B2B600A3F20E /* MCommentViewController.m */,
				99518FC31887B2CF00A3F20E /* MCommentView.h */,
				99518FC41887B2CF00A3F20E /* MCommentView.m */,
			);
			name = "评论Cell";
			sourceTree = "<group>";
		};
		99518FCE1887D4AA00A3F20E /* M2 */ = {
			isa = PBXGroup;
			children = (
				99518FC61887B32E00A3F20E /* M2CommentCell.h */,
				99518FC71887B32E00A3F20E /* M2CommentCell.m */,
				99518FD31887DA6800A3F20E /* M2CommentInputView_M1.h */,
				99518FD41887DA6800A3F20E /* M2CommentInputView_M1.m */,
				9971190E1888DC1600039D8A /* M2CommentInputView.h */,
				9971190F1888DC1600039D8A /* M2CommentInputView.m */,
			);
			name = M2;
			sourceTree = "<group>";
		};
		99518FCF1887D4F700A3F20E /* M2 */ = {
			isa = PBXGroup;
			children = (
				9963DD49187D55BB00571748 /* M2TextInputView.h */,
				9963DD4A187D55BB00571748 /* M2TextInputView.m */,
			);
			name = M2;
			sourceTree = "<group>";
		};
		995E3FAA1862ECF100A46778 /* UITableView */ = {
			isa = PBXGroup;
			children = (
				9971192F18890B0600039D8A /* 可展开的section */,
				995E3FAE1862ED9400A46778 /* 测试性能 */,
			);
			name = UITableView;
			sourceTree = "<group>";
		};
		995E3FAE1862ED9400A46778 /* 测试性能 */ = {
			isa = PBXGroup;
			children = (
				995E3FAB1862ED9000A46778 /* TestTableViewController.h */,
				995E3FAC1862ED9000A46778 /* TestTableViewController.m */,
				995E3FAF1862F48700A46778 /* TestCustomCell.h */,
				995E3FB01862F48700A46778 /* TestCustomCell.m */,
			);
			name = "测试性能";
			sourceTree = "<group>";
		};
		995E3FB21862F8C100A46778 /* table */ = {
			isa = PBXGroup;
			children = (
				995E3FB31862F8C100A46778 /* 163_icon@2x.png */,
			);
			path = table;
			sourceTree = "<group>";
		};
		995F3A9A184C2D59005F349B = {
			isa = PBXGroup;
			children = (
				995F3AAC184C2D59005F349B /* M2UIDemo */,
				99D27C181855AE2000513BA9 /* Resources */,
				995F3AC5184C2D59005F349B /* M2UIDemoTests */,
				995F3AA5184C2D59005F349B /* Frameworks */,
				995F3AA4184C2D59005F349B /* Products */,
			);
			sourceTree = "<group>";
		};
		995F3AA4184C2D59005F349B /* Products */ = {
			isa = PBXGroup;
			children = (
				995F3AA3184C2D59005F349B /* M2UIDemo.app */,
				995F3ABE184C2D59005F349B /* M2UIDemoTests.xctest */,
			);
			name = Products;
			sourceTree = "<group>";
		};
		995F3AA5184C2D59005F349B /* Frameworks */ = {
			isa = PBXGroup;
			children = (
				995F3AA6184C2D59005F349B /* Foundation.framework */,
				995F3AA8184C2D59005F349B /* CoreGraphics.framework */,
				995F3AAA184C2D59005F349B /* UIKit.framework */,
				995F3ABF184C2D59005F349B /* XCTest.framework */,
			);
			name = Frameworks;
			sourceTree = "<group>";
		};
		995F3AAC184C2D59005F349B /* M2UIDemo */ = {
			isa = PBXGroup;
			children = (
				995F3AD5184C2D96005F349B /* Classes */,
				995F3AB5184C2D59005F349B /* AppDelegate.h */,
				995F3AB6184C2D59005F349B /* AppDelegate.m */,
				995F3AB8184C2D59005F349B /* Images.xcassets */,
				995F3AAD184C2D59005F349B /* Supporting Files */,
			);
			path = M2UIDemo;
			sourceTree = "<group>";
		};
		995F3AAD184C2D59005F349B /* Supporting Files */ = {
			isa = PBXGroup;
			children = (
				995F3AAE184C2D59005F349B /* M2UIDemo-Info.plist */,
				995F3AAF184C2D59005F349B /* InfoPlist.strings */,
				995F3AB2184C2D59005F349B /* main.m */,
				995F3AB4184C2D59005F349B /* M2UIDemo-Prefix.pch */,
			);
			name = "Supporting Files";
			sourceTree = "<group>";
		};
		995F3AC5184C2D59005F349B /* M2UIDemoTests */ = {
			isa = PBXGroup;
			children = (
				995F3ACB184C2D59005F349B /* M2UIDemoTests.m */,
				995F3AC6184C2D59005F349B /* Supporting Files */,
			);
			path = M2UIDemoTests;
			sourceTree = "<group>";
		};
		995F3AC6184C2D59005F349B /* Supporting Files */ = {
			isa = PBXGroup;
			children = (
				995F3AC7184C2D59005F349B /* M2UIDemoTests-Info.plist */,
				995F3AC8184C2D59005F349B /* InfoPlist.strings */,
			);
			name = "Supporting Files";
			sourceTree = "<group>";
		};
		995F3AD5184C2D96005F349B /* Classes */ = {
			isa = PBXGroup;
			children = (
				990C261B187BACBF00B3E45A /* _临时测试 */,
				997B40FC1856B95600931A53 /* M2CoreUIKit */,
				99711939188917AE00039D8A /* Common */,
				995F3ADB184C30F4005F349B /* 数据加载 */,
				99B626E11856B6120081DF4D /* 提示框 */,
				99BA1FFA1859DA2100EF5A74 /* 启动帮助 */,
				995E3FAA1862ECF100A46778 /* UITableView */,
				99ED58A2188D0AD4001359F6 /* Tabbar */,
				99E06E6B187A4F540037ED3D /* Tabbar切换view */,
				990C2610187A9C6400B3E45A /* App详情页常用控件 */,
				990C2622187BB0BF00B3E45A /* 平铺拉伸图片 */,
				990C2647187BDB0A00B3E45A /* 瀑布流 */,
				9963DD0D187CF59300571748 /* 多图联播 */,
				9963DD2B187D40FC00571748 /* 键盘相关 */,
				9963DD5A187E458F00571748 /* 上滑scrollView上推其他View */,
				995F3AD8184C2DC2005F349B /* RootViewController.h */,
				995F3AD9184C2DC2005F349B /* RootViewController.m */,
			);
			path = Classes;
			sourceTree = "<group>";
		};
		995F3ADB184C30F4005F349B /* 数据加载 */ = {
			isa = PBXGroup;
			children = (
				995F3ADC184C3102005F349B /* 下拉刷新 */,
			);
			name = "数据加载";
			sourceTree = "<group>";
		};
		995F3ADC184C3102005F349B /* 下拉刷新 */ = {
			isa = PBXGroup;
			children = (
				995F3ADD184C313C005F349B /* PullDownRefreshViewController.h */,
				995F3ADE184C313C005F349B /* PullDownRefreshViewController.m */,
				995F3AE0184C334F005F349B /* M2BaseRefreshView.h */,
				995F3AE1184C334F005F349B /* M2BaseRefreshView.m */,
			);
			name = "下拉刷新";
			sourceTree = "<group>";
		};
		9963DD0D187CF59300571748 /* 多图联播 */ = {
			isa = PBXGroup;
			children = (
				9963DD0F187CF5C100571748 /* 图片浏览点击全屏A */,
				99C12F1C1884D88800B92D1C /* 图片浏览点击全屏B */,
			);
			name = "多图联播";
			sourceTree = "<group>";
		};
		9963DD0F187CF5C100571748 /* 图片浏览点击全屏A */ = {
			isa = PBXGroup;
			children = (
				99C12F3018850D6E00B92D1C /* M2 */,
				9963DD13187CF77100571748 /* MImageGalleryViewController_A.h */,
				9963DD14187CF77100571748 /* MImageGalleryViewController_A.m */,
				9963DD28187D2F5F00571748 /* MImageGalleryView_A.h */,
				9963DD29187D2F5F00571748 /* MImageGalleryView_A.m */,
			);
			name = "图片浏览点击全屏A";
			sourceTree = "<group>";
		};
		9963DD17187D031700571748 /* test */ = {
			isa = PBXGroup;
			children = (
				9963DD18187D031700571748 /* landscape_0.jpg */,
				9963DD19187D031700571748 /* landscape_1.jpg */,
				9963DD1A187D031700571748 /* landscape_2.jpg */,
				9963DD1B187D031700571748 /* landscape_3.jpg */,
				9963DD1C187D031700571748 /* portrait_0.jpg */,
				9963DD1D187D031700571748 /* portrait_1.jpg */,
				9963DD1E187D031700571748 /* portrait_2.jpg */,
				9963DD1F187D031700571748 /* portrait_3.jpg */,
			);
			path = test;
			sourceTree = "<group>";
		};
		9963DD2B187D40FC00571748 /* 键盘相关 */ = {
			isa = PBXGroup;
			children = (
				9963DD2C187D410800571748 /* 键盘上方的输入框 */,
			);
			name = "键盘相关";
			sourceTree = "<group>";
		};
		9963DD2C187D410800571748 /* 键盘上方的输入框 */ = {
			isa = PBXGroup;
			children = (
				99518FCF1887D4F700A3F20E /* M2 */,
				9963DD2E187D41D200571748 /* MKeyboardInputViewController.h */,
				9963DD2F187D41D200571748 /* MKeyboardInputViewController.m */,
				9963DD31187D443A00571748 /* MKeyboardInputView.h */,
				9963DD32187D443A00571748 /* MKeyboardInputView.m */,
			);
			name = "键盘上方的输入框";
			sourceTree = "<group>";
		};
		9963DD5A187E458F00571748 /* 上滑scrollView上推其他View */ = {
			isa = PBXGroup;
			children = (
				9963DD5B187E45AE00571748 /* 上滑超过阈值时上推 */,
			);
			name = "上滑scrollView上推其他View";
			sourceTree = "<group>";
		};
		9963DD5B187E45AE00571748 /* 上滑超过阈值时上推 */ = {
			isa = PBXGroup;
			children = (
				9963DD5C187E465A00571748 /* MRearchThresholdViewController.h */,
				9963DD5D187E465A00571748 /* MRearchThresholdViewController.m */,
				9963DD5F187E467100571748 /* MRearchThresholdView.h */,
				9963DD60187E467100571748 /* MRearchThresholdView.m */,
				9963DD62187E48ED00571748 /* MScrollableView.h */,
				9963DD63187E48ED00571748 /* MScrollableView.m */,
				9963DD65187E502000571748 /* M2ScrollableViewObserver.h */,
				9963DD66187E502000571748 /* M2ScrollableViewObserver.m */,
			);
			name = "上滑超过阈值时上推";
			sourceTree = "<group>";
		};
		9971192F18890B0600039D8A /* 可展开的section */ = {
			isa = PBXGroup;
			children = (
				9971193018890C1F00039D8A /* MExtensibleItemTableViewController.h */,
				9971193118890C1F00039D8A /* MExtensibleItemTableViewController.m */,
				9971193318890C7B00039D8A /* MExtensibleItemTableView.h */,
				9971193418890C7B00039D8A /* MExtensibleItemTableView.m */,
			);
			name = "可展开的section";
			sourceTree = "<group>";
		};
		99711939188917AE00039D8A /* Common */ = {
			isa = PBXGroup;
			children = (
				99711936188917A700039D8A /* MSubViewController.h */,
				99711937188917A700039D8A /* MSubViewController.m */,
			);
			name = Common;
			sourceTree = "<group>";
		};
		997B40FC1856B95600931A53 /* M2CoreUIKit */ = {
			isa = PBXGroup;
			children = (
				997B41001856B9EB00931A53 /* M2NavigationController.h */,
				997B41011856B9EB00931A53 /* M2NavigationController.m */,
				997B40FD1856B99D00931A53 /* M2ViewController.h */,
				997B40FE1856B99D00931A53 /* M2ViewController.m */,
			);
			name = M2CoreUIKit;
			sourceTree = "<group>";
		};
		99B626E11856B6120081DF4D /* 提示框 */ = {
			isa = PBXGroup;
			children = (
				99B626E21856B62F0081DF4D /* 屏幕中央 */,
				99B626E31856B6720081DF4D /* 状态条 */,
			);
			name = "提示框";
			sourceTree = "<group>";
		};
		99B626E21856B62F0081DF4D /* 屏幕中央 */ = {
			isa = PBXGroup;
			children = (
				99B627081856B82B0081DF4D /* CenterToastViewController.h */,
				99B627091856B82B0081DF4D /* CenterToastViewController.m */,
				997B417E1857234000931A53 /* M2Toast.h */,
				997B417F1857234000931A53 /* M2Toast.m */,
			);
			name = "屏幕中央";
			sourceTree = "<group>";
		};
		99B626E31856B6720081DF4D /* 状态条 */ = {
			isa = PBXGroup;
			children = (
				99BA1FF71859D71D00EF5A74 /* StatusToastViewController.h */,
				99BA1FF81859D71D00EF5A74 /* StatusToastViewController.m */,
				997B41971857386000931A53 /* M2StatusBarToast.h */,
				997B41981857386000931A53 /* M2StatusBarToast.m */,
			);
			name = "状态条";
			sourceTree = "<group>";
		};
		99BA1FFA1859DA2100EF5A74 /* 启动帮助 */ = {
			isa = PBXGroup;
			children = (
				99BA1FFB1859DA4200EF5A74 /* LaunchHelpViewController.h */,
				99BA1FFC1859DA4200EF5A74 /* LaunchHelpViewController.m */,
				99BA1FFE1859DA4F00EF5A74 /* M2HelpView.h */,
				99BA1FFF1859DA4F00EF5A74 /* M2HelpView.m */,
			);
			name = "启动帮助";
			sourceTree = "<group>";
		};
		99BA20011859DE4B00EF5A74 /* help */ = {
			isa = PBXGroup;
			children = (
				99BA20021859DE4B00EF5A74 /* help_phone0.jpg */,
				99BA20031859DE4B00EF5A74 /* help_phone1.jpg */,
				99BA20041859DE4B00EF5A74 /* help_phone2.jpg */,
				99BA20051859DE4B00EF5A74 /* help_phone3.jpg */,
			);
			path = help;
			sourceTree = "<group>";
		};
		99C12F1C1884D88800B92D1C /* 图片浏览点击全屏B */ = {
			isa = PBXGroup;
			children = (
				99C12F2C1884E26900B92D1C /* M2 */,
				99C12F201884D90200B92D1C /* MImageGalleryViewController_B.h */,
				99C12F211884D90200B92D1C /* MImageGalleryViewController_B.m */,
				99C12F231884D92000B92D1C /* MImageGalleryView_B.h */,
				99C12F241884D92000B92D1C /* MImageGalleryView_B.m */,
				99C12F2D1884E29500B92D1C /* MIGalleryViewCell_B.h */,
				99C12F2E1884E29500B92D1C /* MIGalleryViewCell_B.m */,
			);
			name = "图片浏览点击全屏B";
			sourceTree = "<group>";
		};
		99C12F2C1884E26900B92D1C /* M2 */ = {
			isa = PBXGroup;
			children = (
				99C12F261884D99B00B92D1C /* M2GalleryView.h */,
				99C12F271884D99B00B92D1C /* M2GalleryView.m */,
				99C12F291884E1C200B92D1C /* M2GalleryViewCell.h */,
				99C12F2A1884E1C200B92D1C /* M2GalleryViewCell.m */,
			);
			name = M2;
			sourceTree = "<group>";
		};
		99C12F3018850D6E00B92D1C /* M2 */ = {
			isa = PBXGroup;
			children = (
				9963DD10187CF75A00571748 /* M2ImageGalleryView_A.h */,
				9963DD11187CF75A00571748 /* M2ImageGalleryView_A.m */,
			);
			name = M2;
			sourceTree = "<group>";
		};
		99D27C181855AE2000513BA9 /* Resources */ = {
			isa = PBXGroup;
			children = (
				99D27C191855AE2000513BA9 /* iamges */,
			);
			path = Resources;
			sourceTree = "<group>";
		};
		99D27C191855AE2000513BA9 /* iamges */ = {
			isa = PBXGroup;
			children = (
				99EBBFAC188E6E1F0093B9BB /* icon */,
				990C2653187BDC6C00B3E45A /* images */,
				99E06E77187A5E230037ED3D /* common */,
				99BA20011859DE4B00EF5A74 /* help */,
				99D27C1A1855AE8000513BA9 /* refresh */,
				995E3FB21862F8C100A46778 /* table */,
				9963DD17187D031700571748 /* test */,
				990C261F187BAD7600B3E45A /* _temp */,
			);
			path = iamges;
			sourceTree = "<group>";
		};
		99D27C1A1855AE8000513BA9 /* refresh */ = {
			isa = PBXGroup;
			children = (
				99D27C1B1855AE8000513BA9 /* refresh_blue_arrow.png */,
				99D27C1C1855AE8000513BA9 /* refresh_blue_arrow@2x.png */,
			);
			path = refresh;
			sourceTree = "<group>";
		};
		99E06E6B187A4F540037ED3D /* Tabbar切换view */ = {
			isa = PBXGroup;
			children = (
				99E06E6C187A4F960037ED3D /* 点击切换子viewController */,
				990E45D4188D3630004E2C98 /* 点击tab或滑动子view */,
				99EBBF9D188E47BD0093B9BB /* 滑动tab或滑动子view */,
			);
			name = "Tabbar切换view";
			sourceTree = "<group>";
		};
		99E06E6C187A4F960037ED3D /* 点击切换子viewController */ = {
			isa = PBXGroup;
			children = (
				99E06E6D187A4FFB0037ED3D /* MTVCRootViewController.h */,
				99E06E6E187A4FFB0037ED3D /* MTVCRootViewController.m */,
			);
			name = "点击切换子viewController";
			sourceTree = "<group>";
		};
		99E06E77187A5E230037ED3D /* common */ = {
			isa = PBXGroup;
			children = (
				9971193A18891FB100039D8A /* right_arrow@2x.png */,
				99E06E78187A5E230037ED3D /* white_rect@2x.png */,
			);
			path = common;
			sourceTree = "<group>";
		};
		99EBBF9D188E47BD0093B9BB /* 滑动tab或滑动子view */ = {
			isa = PBXGroup;
			children = (
				99EBBF9E188E48120093B9BB /* MPanTabPanSubViewViewController.h */,
				99EBBF9F188E48120093B9BB /* MPanTabPanSubViewViewController.m */,
				99EBBFA1188E48780093B9BB /* MPanTabPanSubViewView.h */,
				99EBBFA2188E48780093B9BB /* MPanTabPanSubViewView.m */,
			);
			name = "滑动tab或滑动子view";
			sourceTree = "<group>";
		};
		99EBBFA4188E48C40093B9BB /* 单行滑动 */ = {
			isa = PBXGroup;
			children = (
				99EBBFA8188E4D4E0093B9BB /* M2 */,
			);
			name = "单行滑动";
			sourceTree = "<group>";
		};
		99EBBFA8188E4D4E0093B9BB /* M2 */ = {
			isa = PBXGroup;
			children = (
				99EBBFA5188E4D460093B9BB /* M2TabBarView_B.h */,
				99EBBFA6188E4D460093B9BB /* M2TabBarView_B.m */,
			);
			name = M2;
			sourceTree = "<group>";
		};
		99EBBFAC188E6E1F0093B9BB /* icon */ = {
			isa = PBXGroup;
			children = (
				99EBBFAD188E6E1F0093B9BB /* m2_72@2x.png */,
			);
			path = icon;
			sourceTree = "<group>";
		};
		99ED58A2188D0AD4001359F6 /* Tabbar */ = {
			isa = PBXGroup;
			children = (
				99ED58A3188D0ADF001359F6 /* 单行点击 */,
				99EBBFA4188E48C40093B9BB /* 单行滑动 */,
				990E45CC188D251A004E2C98 /* 多行 */,
			);
			name = Tabbar;
			sourceTree = "<group>";
		};
		99ED58A3188D0ADF001359F6 /* 单行点击 */ = {
			isa = PBXGroup;
			children = (
				99ED58AA188D0B25001359F6 /* M2 */,
				990E45C6188D13F3004E2C98 /* MButtonTabBarViewController.h */,
				990E45C7188D13F3004E2C98 /* MButtonTabBarViewController.m */,
				990E45C9188D140B004E2C98 /* MButtonTabBarView.h */,
				990E45CA188D140B004E2C98 /* MButtonTabBarView.m */,
			);
			name = "单行点击";
			sourceTree = "<group>";
		};
		99ED58AA188D0B25001359F6 /* M2 */ = {
			isa = PBXGroup;
			children = (
				99ED58AB188D0B7E001359F6 /* M2TabBarView_A.h */,
				99ED58AC188D0B7E001359F6 /* M2TabBarView_A.m */,
			);
			name = M2;
			sourceTree = "<group>";
		};
/* End PBXGroup section */

/* Begin PBXNativeTarget section */
		995F3AA2184C2D59005F349B /* M2UIDemo */ = {
			isa = PBXNativeTarget;
			buildConfigurationList = 995F3ACF184C2D59005F349B /* Build configuration list for PBXNativeTarget "M2UIDemo" */;
			buildPhases = (
				995F3A9F184C2D59005F349B /* Sources */,
				995F3AA0184C2D59005F349B /* Frameworks */,
				995F3AA1184C2D59005F349B /* Resources */,
			);
			buildRules = (
			);
			dependencies = (
			);
			name = M2UIDemo;
			productName = M2UIDemo;
			productReference = 995F3AA3184C2D59005F349B /* M2UIDemo.app */;
			productType = "com.apple.product-type.application";
		};
		995F3ABD184C2D59005F349B /* M2UIDemoTests */ = {
			isa = PBXNativeTarget;
			buildConfigurationList = 995F3AD2184C2D59005F349B /* Build configuration list for PBXNativeTarget "M2UIDemoTests" */;
			buildPhases = (
				995F3ABA184C2D59005F349B /* Sources */,
				995F3ABB184C2D59005F349B /* Frameworks */,
				995F3ABC184C2D59005F349B /* Resources */,
			);
			buildRules = (
			);
			dependencies = (
				995F3AC4184C2D59005F349B /* PBXTargetDependency */,
			);
			name = M2UIDemoTests;
			productName = M2UIDemoTests;
			productReference = 995F3ABE184C2D59005F349B /* M2UIDemoTests.xctest */;
			productType = "com.apple.product-type.bundle.unit-test";
		};
/* End PBXNativeTarget section */

/* Begin PBXProject section */
		995F3A9B184C2D59005F349B /* Project object */ = {
			isa = PBXProject;
			attributes = {
				LastUpgradeCheck = 0500;
				ORGANIZATIONNAME = "Chen Meisong";
				TargetAttributes = {
					995F3ABD184C2D59005F349B = {
						TestTargetID = 995F3AA2184C2D59005F349B;
					};
				};
			};
			buildConfigurationList = 995F3A9E184C2D59005F349B /* Build configuration list for PBXProject "M2UIDemo" */;
			compatibilityVersion = "Xcode 3.2";
			developmentRegion = English;
			hasScannedForEncodings = 0;
			knownRegions = (
				en,
			);
			mainGroup = 995F3A9A184C2D59005F349B;
			productRefGroup = 995F3AA4184C2D59005F349B /* Products */;
			projectDirPath = "";
			projectRoot = "";
			targets = (
				995F3AA2184C2D59005F349B /* M2UIDemo */,
				995F3ABD184C2D59005F349B /* M2UIDemoTests */,
			);
		};
/* End PBXProject section */

/* Begin PBXResourcesBuildPhase section */
		995F3AA1184C2D59005F349B /* Resources */ = {
			isa = PBXResourcesBuildPhase;
			buildActionMask = 2147483647;
			files = (
				995E3FB41862F8C100A46778 /* 163_icon@2x.png in Resources */,
				9963DD21187D031700571748 /* landscape_1.jpg in Resources */,
				9971193B18891FB100039D8A /* right_arrow@2x.png in Resources */,
				99BA20081859DE4B00EF5A74 /* help_phone2.jpg in Resources */,
				99E06E79187A5E230037ED3D /* white_rect@2x.png in Resources */,
				995F3AB1184C2D59005F349B /* InfoPlist.strings in Resources */,
				99BA20061859DE4B00EF5A74 /* help_phone0.jpg in Resources */,
				9963DD22187D031700571748 /* landscape_2.jpg in Resources */,
				990C2655187BDE3400B3E45A /* chinadragon@2x.png in Resources */,
				99BA20091859DE4B00EF5A74 /* help_phone3.jpg in Resources */,
				9963DD20187D031700571748 /* landscape_0.jpg in Resources */,
				99D27C1D1855AE8000513BA9 /* refresh_blue_arrow.png in Resources */,
				9963DD23187D031700571748 /* landscape_3.jpg in Resources */,
				9963DD27187D031700571748 /* portrait_3.jpg in Resources */,
				99EBBFAE188E6E1F0093B9BB /* m2_72@2x.png in Resources */,
				99D27C1E1855AE8000513BA9 /* refresh_blue_arrow@2x.png in Resources */,
				9963DD26187D031700571748 /* portrait_2.jpg in Resources */,
				995F3AB9184C2D59005F349B /* Images.xcassets in Resources */,
				99BA20071859DE4B00EF5A74 /* help_phone1.jpg in Resources */,
				990C2621187BAD7600B3E45A /* icon@2x.png in Resources */,
				9963DD25187D031700571748 /* portrait_1.jpg in Resources */,
				9963DD24187D031700571748 /* portrait_0.jpg in Resources */,
			);
			runOnlyForDeploymentPostprocessing = 0;
		};
		995F3ABC184C2D59005F349B /* Resources */ = {
			isa = PBXResourcesBuildPhase;
			buildActionMask = 2147483647;
			files = (
				995F3ACA184C2D59005F349B /* InfoPlist.strings in Resources */,
			);
			runOnlyForDeploymentPostprocessing = 0;
		};
/* End PBXResourcesBuildPhase section */

/* Begin PBXSourcesBuildPhase section */
		995F3A9F184C2D59005F349B /* Sources */ = {
			isa = PBXSourcesBuildPhase;
			buildActionMask = 2147483647;
			files = (
				99518FC21887B2B600A3F20E /* MCommentViewController.m in Sources */,
				99C12F2B1884E1C200B92D1C /* M2GalleryViewCell.m in Sources */,
				99518FC51887B2CF00A3F20E /* MCommentView.m in Sources */,
				99E06E6F187A4FFB0037ED3D /* MTVCRootViewController.m in Sources */,
				99C12F221884D90200B92D1C /* MImageGalleryViewController_B.m in Sources */,
				995F3AE2184C3350005F349B /* M2BaseRefreshView.m in Sources */,
				997B41991857386000931A53 /* M2StatusBarToast.m in Sources */,
				9971193518890C7B00039D8A /* MExtensibleItemTableView.m in Sources */,
				9963DD61187E467100571748 /* MRearchThresholdView.m in Sources */,
				9963DD12187CF75A00571748 /* M2ImageGalleryView_A.m in Sources */,
				99B6270A1856B82B0081DF4D /* CenterToastViewController.m in Sources */,
				990C2614187AA0A900B3E45A /* MShowFullInfoViewController.m in Sources */,
				9963DD5E187E465A00571748 /* MRearchThresholdViewController.m in Sources */,
				997B40FF1856B99D00931A53 /* M2ViewController.m in Sources */,
				995F3AB7184C2D59005F349B /* AppDelegate.m in Sources */,
				990E45C8188D13F3004E2C98 /* MButtonTabBarViewController.m in Sources */,
				99EBBF7B188E1AE10093B9BB /* MTapTabPanSubViewViewController.m in Sources */,
				996332101883BAD30038BCE3 /* M2MultiRowTabbarView.m in Sources */,
				99ED58AD188D0B7E001359F6 /* M2TabBarView_A.m in Sources */,
				9963DD2A187D2F5F00571748 /* MImageGalleryView_A.m in Sources */,
				990C261E187BACDC00B3E45A /* _tempTestViewController.m in Sources */,
				9963DD33187D443A00571748 /* MKeyboardInputView.m in Sources */,
				995E3FB11862F48700A46778 /* TestCustomCell.m in Sources */,
				990E45CB188D140B004E2C98 /* MButtonTabBarView.m in Sources */,
				99EBBF7E188E1B080093B9BB /* MTapTabPanSubViewView.m in Sources */,
				9963DD67187E502000571748 /* M2ScrollableViewObserver.m in Sources */,
				99518FC81887B32E00A3F20E /* M2CommentCell.m in Sources */,
				990E45D0188D258A004E2C98 /* MMultiRowTabViewController.m in Sources */,
				99BA1FFD1859DA4200EF5A74 /* LaunchHelpViewController.m in Sources */,
				99E06E75187A50CF0037ED3D /* M2MultiRowTabbarView_Master.m in Sources */,
				997119101888DC1600039D8A /* M2CommentInputView.m in Sources */,
				995F3ADF184C313C005F349B /* PullDownRefreshViewController.m in Sources */,
				99BA20001859DA4F00EF5A74 /* M2HelpView.m in Sources */,
				990C261A187AA34000B3E45A /* MShowFullInfoView.m in Sources */,
				9963DD30187D41D200571748 /* MKeyboardInputViewController.m in Sources */,
				9963DD4B187D55BB00571748 /* M2TextInputView.m in Sources */,
				9963DD15187CF77100571748 /* MImageGalleryViewController_A.m in Sources */,
				990C2651187BDC2100B3E45A /* M2WaterFallView.m in Sources */,
				99EBBFA0188E48120093B9BB /* MPanTabPanSubViewViewController.m in Sources */,
				99518FD51887DA6800A3F20E /* M2CommentInputView_M1.m in Sources */,
				9963DD64187E48ED00571748 /* MScrollableView.m in Sources */,
				997B41801857234000931A53 /* M2Toast.m in Sources */,
				99BA1FF91859D71D00EF5A74 /* StatusToastViewController.m in Sources */,
				99EBBFA3188E48780093B9BB /* MPanTabPanSubViewView.m in Sources */,
				990C2626187BB11D00B3E45A /* MResizableImageViewController.m in Sources */,
				99711938188917A700039D8A /* MSubViewController.m in Sources */,
				990E45D3188D25A6004E2C98 /* MMultiRowTabView.m in Sources */,
				995F3AB3184C2D59005F349B /* main.m in Sources */,
				99EBBFA7188E4D460093B9BB /* M2TabBarView_B.m in Sources */,
				99C12F251884D92000B92D1C /* MImageGalleryView_B.m in Sources */,
				99C12F281884D99B00B92D1C /* M2GalleryView.m in Sources */,
				995E3FAD1862ED9000A46778 /* TestTableViewController.m in Sources */,
				997B41021856B9EB00931A53 /* M2NavigationController.m in Sources */,
				990C2617187AA0C500B3E45A /* M2ExtensibleInfoView.m in Sources */,
				995F3ADA184C2DC2005F349B /* RootViewController.m in Sources */,
				99C12F2F1884E29500B92D1C /* MIGalleryViewCell_B.m in Sources */,
				9971193218890C1F00039D8A /* MExtensibleItemTableViewController.m in Sources */,
				990C264E187BDBC000B3E45A /* MWaterFallMeViewController.m in Sources */,
			);
			runOnlyForDeploymentPostprocessing = 0;
		};
		995F3ABA184C2D59005F349B /* Sources */ = {
			isa = PBXSourcesBuildPhase;
			buildActionMask = 2147483647;
			files = (
				995F3ACC184C2D59005F349B /* M2UIDemoTests.m in Sources */,
			);
			runOnlyForDeploymentPostprocessing = 0;
		};
/* End PBXSourcesBuildPhase section */

/* Begin PBXTargetDependency section */
		995F3AC4184C2D59005F349B /* PBXTargetDependency */ = {
			isa = PBXTargetDependency;
			target = 995F3AA2184C2D59005F349B /* M2UIDemo */;
			targetProxy = 995F3AC3184C2D59005F349B /* PBXContainerItemProxy */;
		};
/* End PBXTargetDependency section */

/* Begin PBXVariantGroup section */
		995F3AAF184C2D59005F349B /* InfoPlist.strings */ = {
			isa = PBXVariantGroup;
			children = (
				995F3AB0184C2D59005F349B /* en */,
			);
			name = InfoPlist.strings;
			sourceTree = "<group>";
		};
		995F3AC8184C2D59005F349B /* InfoPlist.strings */ = {
			isa = PBXVariantGroup;
			children = (
				995F3AC9184C2D59005F349B /* en */,
			);
			name = InfoPlist.strings;
			sourceTree = "<group>";
		};
/* End PBXVariantGroup section */

/* Begin XCBuildConfiguration section */
		995F3ACD184C2D59005F349B /* Debug */ = {
			isa = XCBuildConfiguration;
			buildSettings = {
				ALWAYS_SEARCH_USER_PATHS = NO;
				ARCHS = "$(ARCHS_STANDARD)";
				CLANG_CXX_LANGUAGE_STANDARD = "gnu++0x";
				CLANG_CXX_LIBRARY = "libc++";
				CLANG_ENABLE_MODULES = YES;
				CLANG_ENABLE_OBJC_ARC = YES;
				CLANG_WARN_BOOL_CONVERSION = YES;
				CLANG_WARN_CONSTANT_CONVERSION = YES;
				CLANG_WARN_DIRECT_OBJC_ISA_USAGE = YES_ERROR;
				CLANG_WARN_EMPTY_BODY = YES;
				CLANG_WARN_ENUM_CONVERSION = YES;
				CLANG_WARN_INT_CONVERSION = YES;
				CLANG_WARN_OBJC_ROOT_CLASS = YES_ERROR;
				CLANG_WARN__DUPLICATE_METHOD_MATCH = YES;
				"CODE_SIGN_IDENTITY[sdk=iphoneos*]" = "iPhone Developer";
				COPY_PHASE_STRIP = NO;
				GCC_C_LANGUAGE_STANDARD = gnu99;
				GCC_DYNAMIC_NO_PIC = NO;
				GCC_OPTIMIZATION_LEVEL = 0;
				GCC_PREPROCESSOR_DEFINITIONS = (
					"DEBUG=1",
					"$(inherited)",
				);
				GCC_SYMBOLS_PRIVATE_EXTERN = NO;
				GCC_WARN_64_TO_32_BIT_CONVERSION = YES;
				GCC_WARN_ABOUT_RETURN_TYPE = YES_ERROR;
				GCC_WARN_UNDECLARED_SELECTOR = YES;
				GCC_WARN_UNINITIALIZED_AUTOS = YES;
				GCC_WARN_UNUSED_FUNCTION = YES;
				GCC_WARN_UNUSED_VARIABLE = YES;
				IPHONEOS_DEPLOYMENT_TARGET = 5.0;
				ONLY_ACTIVE_ARCH = YES;
				SDKROOT = iphoneos;
				TARGETED_DEVICE_FAMILY = "1,2";
			};
			name = Debug;
		};
		995F3ACE184C2D59005F349B /* Release */ = {
			isa = XCBuildConfiguration;
			buildSettings = {
				ALWAYS_SEARCH_USER_PATHS = NO;
				ARCHS = "$(ARCHS_STANDARD)";
				CLANG_CXX_LANGUAGE_STANDARD = "gnu++0x";
				CLANG_CXX_LIBRARY = "libc++";
				CLANG_ENABLE_MODULES = YES;
				CLANG_ENABLE_OBJC_ARC = YES;
				CLANG_WARN_BOOL_CONVERSION = YES;
				CLANG_WARN_CONSTANT_CONVERSION = YES;
				CLANG_WARN_DIRECT_OBJC_ISA_USAGE = YES_ERROR;
				CLANG_WARN_EMPTY_BODY = YES;
				CLANG_WARN_ENUM_CONVERSION = YES;
				CLANG_WARN_INT_CONVERSION = YES;
				CLANG_WARN_OBJC_ROOT_CLASS = YES_ERROR;
				CLANG_WARN__DUPLICATE_METHOD_MATCH = YES;
				"CODE_SIGN_IDENTITY[sdk=iphoneos*]" = "iPhone Developer";
				COPY_PHASE_STRIP = YES;
				ENABLE_NS_ASSERTIONS = NO;
				GCC_C_LANGUAGE_STANDARD = gnu99;
				GCC_WARN_64_TO_32_BIT_CONVERSION = YES;
				GCC_WARN_ABOUT_RETURN_TYPE = YES_ERROR;
				GCC_WARN_UNDECLARED_SELECTOR = YES;
				GCC_WARN_UNINITIALIZED_AUTOS = YES;
				GCC_WARN_UNUSED_FUNCTION = YES;
				GCC_WARN_UNUSED_VARIABLE = YES;
				IPHONEOS_DEPLOYMENT_TARGET = 5.0;
				SDKROOT = iphoneos;
				TARGETED_DEVICE_FAMILY = "1,2";
				VALIDATE_PRODUCT = YES;
			};
			name = Release;
		};
		995F3AD0184C2D59005F349B /* Debug */ = {
			isa = XCBuildConfiguration;
			buildSettings = {
				ASSETCATALOG_COMPILER_LAUNCHIMAGE_NAME = LaunchImage;
				GCC_PRECOMPILE_PREFIX_HEADER = YES;
				GCC_PREFIX_HEADER = "M2UIDemo/M2UIDemo-Prefix.pch";
				INFOPLIST_FILE = "M2UIDemo/M2UIDemo-Info.plist";
				PRODUCT_NAME = "$(TARGET_NAME)";
				WRAPPER_EXTENSION = app;
			};
			name = Debug;
		};
		995F3AD1184C2D59005F349B /* Release */ = {
			isa = XCBuildConfiguration;
			buildSettings = {
				ASSETCATALOG_COMPILER_LAUNCHIMAGE_NAME = LaunchImage;
				GCC_PRECOMPILE_PREFIX_HEADER = YES;
				GCC_PREFIX_HEADER = "M2UIDemo/M2UIDemo-Prefix.pch";
				INFOPLIST_FILE = "M2UIDemo/M2UIDemo-Info.plist";
				PRODUCT_NAME = "$(TARGET_NAME)";
				WRAPPER_EXTENSION = app;
			};
			name = Release;
		};
		995F3AD3184C2D59005F349B /* Debug */ = {
			isa = XCBuildConfiguration;
			buildSettings = {
				ARCHS = "$(ARCHS_STANDARD_INCLUDING_64_BIT)";
				BUNDLE_LOADER = "$(BUILT_PRODUCTS_DIR)/M2UIDemo.app/M2UIDemo";
				FRAMEWORK_SEARCH_PATHS = (
					"$(SDKROOT)/Developer/Library/Frameworks",
					"$(inherited)",
					"$(DEVELOPER_FRAMEWORKS_DIR)",
				);
				GCC_PRECOMPILE_PREFIX_HEADER = YES;
				GCC_PREFIX_HEADER = "M2UIDemo/M2UIDemo-Prefix.pch";
				GCC_PREPROCESSOR_DEFINITIONS = (
					"DEBUG=1",
					"$(inherited)",
				);
				INFOPLIST_FILE = "M2UIDemoTests/M2UIDemoTests-Info.plist";
				PRODUCT_NAME = "$(TARGET_NAME)";
				TEST_HOST = "$(BUNDLE_LOADER)";
				WRAPPER_EXTENSION = xctest;
			};
			name = Debug;
		};
		995F3AD4184C2D59005F349B /* Release */ = {
			isa = XCBuildConfiguration;
			buildSettings = {
				ARCHS = "$(ARCHS_STANDARD_INCLUDING_64_BIT)";
				BUNDLE_LOADER = "$(BUILT_PRODUCTS_DIR)/M2UIDemo.app/M2UIDemo";
				FRAMEWORK_SEARCH_PATHS = (
					"$(SDKROOT)/Developer/Library/Frameworks",
					"$(inherited)",
					"$(DEVELOPER_FRAMEWORKS_DIR)",
				);
				GCC_PRECOMPILE_PREFIX_HEADER = YES;
				GCC_PREFIX_HEADER = "M2UIDemo/M2UIDemo-Prefix.pch";
				INFOPLIST_FILE = "M2UIDemoTests/M2UIDemoTests-Info.plist";
				PRODUCT_NAME = "$(TARGET_NAME)";
				TEST_HOST = "$(BUNDLE_LOADER)";
				WRAPPER_EXTENSION = xctest;
			};
			name = Release;
		};
/* End XCBuildConfiguration section */

/* Begin XCConfigurationList section */
		995F3A9E184C2D59005F349B /* Build configuration list for PBXProject "M2UIDemo" */ = {
			isa = XCConfigurationList;
			buildConfigurations = (
				995F3ACD184C2D59005F349B /* Debug */,
				995F3ACE184C2D59005F349B /* Release */,
			);
			defaultConfigurationIsVisible = 0;
			defaultConfigurationName = Release;
		};
		995F3ACF184C2D59005F349B /* Build configuration list for PBXNativeTarget "M2UIDemo" */ = {
			isa = XCConfigurationList;
			buildConfigurations = (
				995F3AD0184C2D59005F349B /* Debug */,
				995F3AD1184C2D59005F349B /* Release */,
			);
			defaultConfigurationIsVisible = 0;
			defaultConfigurationName = Release;
		};
		995F3AD2184C2D59005F349B /* Build configuration list for PBXNativeTarget "M2UIDemoTests" */ = {
			isa = XCConfigurationList;
			buildConfigurations = (
				995F3AD3184C2D59005F349B /* Debug */,
				995F3AD4184C2D59005F349B /* Release */,
			);
			defaultConfigurationIsVisible = 0;
			defaultConfigurationName = Release;
		};
/* End XCConfigurationList section */
	};
	rootObject = 995F3A9B184C2D59005F349B /* Project object */;
}
